// !$*UTF8*$!
{
	archiveVersion = 1;
	classes = {
	};
	objectVersion = 46;
	objects = {

/* Begin PBXBuildFile section */
		852037391F1C884F000D2B7F /* AppDelegate.swift in Sources */ = {isa = PBXBuildFile; fileRef = 852037381F1C884F000D2B7F /* AppDelegate.swift */; };
		8520373E1F1C884F000D2B7F /* Main.storyboard in Resources */ = {isa = PBXBuildFile; fileRef = 8520373C1F1C884F000D2B7F /* Main.storyboard */; };
		852037401F1C884F000D2B7F /* Assets.xcassets in Resources */ = {isa = PBXBuildFile; fileRef = 8520373F1F1C884F000D2B7F /* Assets.xcassets */; };
		852037431F1C884F000D2B7F /* LaunchScreen.storyboard in Resources */ = {isa = PBXBuildFile; fileRef = 852037411F1C884F000D2B7F /* LaunchScreen.storyboard */; };
		8520374B1F1C927E000D2B7F /* SnapKit.framework in Frameworks */ = {isa = PBXBuildFile; fileRef = 8520374A1F1C927E000D2B7F /* SnapKit.framework */; };
		8520374C1F1C927E000D2B7F /* SnapKit.framework in Embed Frameworks */ = {isa = PBXBuildFile; fileRef = 8520374A1F1C927E000D2B7F /* SnapKit.framework */; settings = {ATTRIBUTES = (CodeSignOnCopy, RemoveHeadersOnCopy, ); }; };
		852037651F1D023C000D2B7F /* TGPControls.framework in Frameworks */ = {isa = PBXBuildFile; fileRef = 852037641F1D023C000D2B7F /* TGPControls.framework */; };
		852037681F1D0322000D2B7F /* NewItineraryViewController.swift in Sources */ = {isa = PBXBuildFile; fileRef = 852037661F1D0322000D2B7F /* NewItineraryViewController.swift */; };
		852037691F1D0322000D2B7F /* ChooseThemeViewController.swift in Sources */ = {isa = PBXBuildFile; fileRef = 852037671F1D0322000D2B7F /* ChooseThemeViewController.swift */; };
		8520376B1F1D0372000D2B7F /* BaseViewControllerTest.swift in Sources */ = {isa = PBXBuildFile; fileRef = 8520376A1F1D0372000D2B7F /* BaseViewControllerTest.swift */; };
		8520376E1F1D0405000D2B7F /* Scale.swift in Sources */ = {isa = PBXBuildFile; fileRef = 8520376C1F1D0405000D2B7F /* Scale.swift */; };
		852037711F1D0437000D2B7F /* NSobject-SS.swift in Sources */ = {isa = PBXBuildFile; fileRef = 852037701F1D0437000D2B7F /* NSobject-SS.swift */; };
		852037731F1D0557000D2B7F /* UIView-SS.swift in Sources */ = {isa = PBXBuildFile; fileRef = 852037721F1D0557000D2B7F /* UIView-SS.swift */; };
		852037761F1D0578000D2B7F /* UIFont-SS.swift in Sources */ = {isa = PBXBuildFile; fileRef = 852037741F1D0578000D2B7F /* UIFont-SS.swift */; };
		852037771F1D0578000D2B7F /* UIColor-SS.swift in Sources */ = {isa = PBXBuildFile; fileRef = 852037751F1D0578000D2B7F /* UIColor-SS.swift */; };
		8520377A1F1D0656000D2B7F /* ThemeCollectionViewCell.swift in Sources */ = {isa = PBXBuildFile; fileRef = 852037781F1D0656000D2B7F /* ThemeCollectionViewCell.swift */; };
		8520377D1F1D06C3000D2B7F /* UIImage-SS.swift in Sources */ = {isa = PBXBuildFile; fileRef = 8520377C1F1D06C3000D2B7F /* UIImage-SS.swift */; };
		8520377F1F1D072C000D2B7F /* Constant.swift in Sources */ = {isa = PBXBuildFile; fileRef = 8520377E1F1D072C000D2B7F /* Constant.swift */; };
		852037811F1D07B6000D2B7F /* DateTimeTool.swift in Sources */ = {isa = PBXBuildFile; fileRef = 852037801F1D07B6000D2B7F /* DateTimeTool.swift */; };
		8520378C1F1D0E08000D2B7F /* FooyoTestSDK.h in Headers */ = {isa = PBXBuildFile; fileRef = 8520378A1F1D0E08000D2B7F /* FooyoTestSDK.h */; settings = {ATTRIBUTES = (Public, ); }; };
		852037901F1D0E08000D2B7F /* FooyoTestSDK.framework in Embed Frameworks */ = {isa = PBXBuildFile; fileRef = 852037881F1D0E08000D2B7F /* FooyoTestSDK.framework */; settings = {ATTRIBUTES = (CodeSignOnCopy, RemoveHeadersOnCopy, ); }; };
		852037941F1D0E33000D2B7F /* Constant.swift in Sources */ = {isa = PBXBuildFile; fileRef = 8520377E1F1D072C000D2B7F /* Constant.swift */; };
		852037951F1D0E37000D2B7F /* UIImage-SS.swift in Sources */ = {isa = PBXBuildFile; fileRef = 8520377C1F1D06C3000D2B7F /* UIImage-SS.swift */; };
		852037961F1D0E40000D2B7F /* ThemeCollectionViewCell.swift in Sources */ = {isa = PBXBuildFile; fileRef = 852037781F1D0656000D2B7F /* ThemeCollectionViewCell.swift */; };
		852037971F1D0E43000D2B7F /* DateTimeTool.swift in Sources */ = {isa = PBXBuildFile; fileRef = 852037801F1D07B6000D2B7F /* DateTimeTool.swift */; };
		852037981F1D0E45000D2B7F /* UIFont-SS.swift in Sources */ = {isa = PBXBuildFile; fileRef = 852037741F1D0578000D2B7F /* UIFont-SS.swift */; };
		852037991F1D0E48000D2B7F /* UIColor-SS.swift in Sources */ = {isa = PBXBuildFile; fileRef = 852037751F1D0578000D2B7F /* UIColor-SS.swift */; };
		8520379A1F1D0E4B000D2B7F /* NSobject-SS.swift in Sources */ = {isa = PBXBuildFile; fileRef = 852037701F1D0437000D2B7F /* NSobject-SS.swift */; };
		8520379B1F1D0E4D000D2B7F /* Scale.swift in Sources */ = {isa = PBXBuildFile; fileRef = 8520376C1F1D0405000D2B7F /* Scale.swift */; };
		8520379D1F1D0E52000D2B7F /* BaseViewControllerTest.swift in Sources */ = {isa = PBXBuildFile; fileRef = 8520376A1F1D0372000D2B7F /* BaseViewControllerTest.swift */; };
		8520379E1F1D0E55000D2B7F /* NewItineraryViewController.swift in Sources */ = {isa = PBXBuildFile; fileRef = 852037661F1D0322000D2B7F /* NewItineraryViewController.swift */; };
		8520379F1F1D0E57000D2B7F /* ChooseThemeViewController.swift in Sources */ = {isa = PBXBuildFile; fileRef = 852037671F1D0322000D2B7F /* ChooseThemeViewController.swift */; };
		852037A01F1D0E5A000D2B7F /* UIView-SS.swift in Sources */ = {isa = PBXBuildFile; fileRef = 852037721F1D0557000D2B7F /* UIView-SS.swift */; };
		852037A11F1D0F55000D2B7F /* SnapKit.framework in Frameworks */ = {isa = PBXBuildFile; fileRef = 8520374A1F1C927E000D2B7F /* SnapKit.framework */; };
		852037A21F1D0F6C000D2B7F /* TGPControls.framework in Frameworks */ = {isa = PBXBuildFile; fileRef = 852037641F1D023C000D2B7F /* TGPControls.framework */; };
		852037D91F1DA6F8000D2B7F /* FooyoSDK.bundle in Resources */ = {isa = PBXBuildFile; fileRef = 852037D81F1DA6F8000D2B7F /* FooyoSDK.bundle */; };
		852037E21F1DE4C2000D2B7F /* FooyoSDK.bundle in Resources */ = {isa = PBXBuildFile; fileRef = 852037D81F1DA6F8000D2B7F /* FooyoSDK.bundle */; };
		854331C61F6E2D6100A15F6A /* AnimatedTextField.swift in Sources */ = {isa = PBXBuildFile; fileRef = 8592E2191F6E20EB00C5093F /* AnimatedTextField.swift */; };
		854331C81F6E38D200A15F6A /* JVFloatLabeledText.framework in Frameworks */ = {isa = PBXBuildFile; fileRef = 854331C71F6E38D200A15F6A /* JVFloatLabeledText.framework */; };
		854331CB1F6E672600A15F6A /* EditItineraryViewController.swift in Sources */ = {isa = PBXBuildFile; fileRef = 854331CA1F6E672600A15F6A /* EditItineraryViewController.swift */; };
		854332731F6E683000A15F6A /* LXReorderableCollectionViewFlowLayout.m in Sources */ = {isa = PBXBuildFile; fileRef = 854332721F6E683000A15F6A /* LXReorderableCollectionViewFlowLayout.m */; };
		854332761F6E6AE500A15F6A /* ItineraryEditViewTwoCollectionViewCell.swift in Sources */ = {isa = PBXBuildFile; fileRef = 854332741F6E6AE500A15F6A /* ItineraryEditViewTwoCollectionViewCell.swift */; };
		854332771F6E6AE500A15F6A /* ItineraryMapCollectionViewCell.swift in Sources */ = {isa = PBXBuildFile; fileRef = 854332751F6E6AE500A15F6A /* ItineraryMapCollectionViewCell.swift */; };
		854332791F6ECBF000A15F6A /* EditItineraryViewController.swift in Sources */ = {isa = PBXBuildFile; fileRef = 854331CA1F6E672600A15F6A /* EditItineraryViewController.swift */; };
		8543327B1F6EE0CE00A15F6A /* CoreActionSheetPicker.framework in Frameworks */ = {isa = PBXBuildFile; fileRef = 8543327A1F6EE0CE00A15F6A /* CoreActionSheetPicker.framework */; };
		8543327C1F6F556900A15F6A /* ItineraryMapCollectionViewCell.swift in Sources */ = {isa = PBXBuildFile; fileRef = 854332751F6E6AE500A15F6A /* ItineraryMapCollectionViewCell.swift */; };
		8543327D1F6F556D00A15F6A /* ItineraryEditViewTwoCollectionViewCell.swift in Sources */ = {isa = PBXBuildFile; fileRef = 854332741F6E6AE500A15F6A /* ItineraryEditViewTwoCollectionViewCell.swift */; };
		8553744F1F32339F005CC168 /* AlamofireImage.framework in Frameworks */ = {isa = PBXBuildFile; fileRef = 85AF46E21F31D05D002CC6E5 /* AlamofireImage.framework */; };
		855374511F3233C1005CC168 /* Alamofire.framework in Frameworks */ = {isa = PBXBuildFile; fileRef = 855374501F3233C1005CC168 /* Alamofire.framework */; };
		855DFC2A1F569D8100684194 /* FooyoIndex.swift in Sources */ = {isa = PBXBuildFile; fileRef = 855DFC291F569D8100684194 /* FooyoIndex.swift */; };
		855DFC2B1F569FF700684194 /* FooyoIndex.swift in Sources */ = {isa = PBXBuildFile; fileRef = 855DFC291F569D8100684194 /* FooyoIndex.swift */; };
		856DB2CB1F6843C9004EA0AA /* EmptyTableViewCell.swift in Sources */ = {isa = PBXBuildFile; fileRef = 856DB2CA1F6843C9004EA0AA /* EmptyTableViewCell.swift */; };
		856DB2CC1F6844A4004EA0AA /* EmptyTableViewCell.swift in Sources */ = {isa = PBXBuildFile; fileRef = 856DB2CA1F6843C9004EA0AA /* EmptyTableViewCell.swift */; };
		856DB2CE1F68AA7A004EA0AA /* SearchResultViewController.swift in Sources */ = {isa = PBXBuildFile; fileRef = 856DB2CD1F68AA7A004EA0AA /* SearchResultViewController.swift */; };
		856DB2CF1F68CBFE004EA0AA /* SearchResultViewController.swift in Sources */ = {isa = PBXBuildFile; fileRef = 856DB2CD1F68AA7A004EA0AA /* SearchResultViewController.swift */; };
		856DB2D11F68F29A004EA0AA /* FooyoUser.swift in Sources */ = {isa = PBXBuildFile; fileRef = 856DB2D01F68F29A004EA0AA /* FooyoUser.swift */; };
		856DB2D21F68F332004EA0AA /* FooyoUser.swift in Sources */ = {isa = PBXBuildFile; fileRef = 856DB2D01F68F29A004EA0AA /* FooyoUser.swift */; };
		85839EC51F6B526D00944F28 /* RouteTableViewController.swift in Sources */ = {isa = PBXBuildFile; fileRef = 85839EC41F6B526D00944F28 /* RouteTableViewController.swift */; };
		85839EC61F6B540900944F28 /* RouteTableViewController.swift in Sources */ = {isa = PBXBuildFile; fileRef = 85839EC41F6B526D00944F28 /* RouteTableViewController.swift */; };
		85839EC81F6C160400944F28 /* RouteListTableViewCell.swift in Sources */ = {isa = PBXBuildFile; fileRef = 85839EC71F6C160400944F28 /* RouteListTableViewCell.swift */; };
		85839EC91F6C1EA500944F28 /* RouteListTableViewCell.swift in Sources */ = {isa = PBXBuildFile; fileRef = 85839EC71F6C160400944F28 /* RouteListTableViewCell.swift */; };
		85839ECB1F6D490900944F28 /* NavigationItemView.swift in Sources */ = {isa = PBXBuildFile; fileRef = 85839ECA1F6D490900944F28 /* NavigationItemView.swift */; };
		85839ECC1F6D508500944F28 /* NavigationItemView.swift in Sources */ = {isa = PBXBuildFile; fileRef = 85839ECA1F6D490900944F28 /* NavigationItemView.swift */; };
		85839F131F6D66EA00944F28 /* Constants.swift in Sources */ = {isa = PBXBuildFile; fileRef = 85839ECF1F6D66E900944F28 /* Constants.swift */; };
		85839F141F6D66EA00944F28 /* Date+Bundle.swift in Sources */ = {isa = PBXBuildFile; fileRef = 85839ED01F6D66E900944F28 /* Date+Bundle.swift */; };
		85839F151F6D66EA00944F28 /* Date+Comparators.swift in Sources */ = {isa = PBXBuildFile; fileRef = 85839ED11F6D66E900944F28 /* Date+Comparators.swift */; };
		85839F161F6D66EA00944F28 /* Date+Components.swift in Sources */ = {isa = PBXBuildFile; fileRef = 85839ED21F6D66E900944F28 /* Date+Components.swift */; };
		85839F171F6D66EA00944F28 /* Date+Format.swift in Sources */ = {isa = PBXBuildFile; fileRef = 85839ED31F6D66E900944F28 /* Date+Format.swift */; };
		85839F181F6D66EA00944F28 /* Date+Inits.swift in Sources */ = {isa = PBXBuildFile; fileRef = 85839ED41F6D66E900944F28 /* Date+Inits.swift */; };
		85839F191F6D66EA00944F28 /* Date+Manipulations.swift in Sources */ = {isa = PBXBuildFile; fileRef = 85839ED51F6D66E900944F28 /* Date+Manipulations.swift */; };
		85839F1A1F6D66EA00944F28 /* Date+TimeAgo.swift in Sources */ = {isa = PBXBuildFile; fileRef = 85839ED61F6D66E900944F28 /* Date+TimeAgo.swift */; };
		85839F1B1F6D66EA00944F28 /* DateTools.bundle in Resources */ = {isa = PBXBuildFile; fileRef = 85839ED71F6D66E900944F28 /* DateTools.bundle */; };
		85839F1C1F6D66EA00944F28 /* Enums.swift in Sources */ = {isa = PBXBuildFile; fileRef = 85839ED81F6D66E900944F28 /* Enums.swift */; };
		85839F1D1F6D66EA00944F28 /* Integer+DateTools.swift in Sources */ = {isa = PBXBuildFile; fileRef = 85839ED91F6D66E900944F28 /* Integer+DateTools.swift */; };
		85839F1E1F6D66EA00944F28 /* TimeChunk.swift in Sources */ = {isa = PBXBuildFile; fileRef = 85839EDA1F6D66E900944F28 /* TimeChunk.swift */; };
		85839F1F1F6D66EA00944F28 /* TimePeriod.swift in Sources */ = {isa = PBXBuildFile; fileRef = 85839EDB1F6D66E900944F28 /* TimePeriod.swift */; };
		85839F201F6D66EA00944F28 /* TimePeriodChain.swift in Sources */ = {isa = PBXBuildFile; fileRef = 85839EDC1F6D66E900944F28 /* TimePeriodChain.swift */; };
		85839F211F6D66EA00944F28 /* TimePeriodCollection.swift in Sources */ = {isa = PBXBuildFile; fileRef = 85839EDD1F6D66E900944F28 /* TimePeriodCollection.swift */; };
		85839F221F6D66EA00944F28 /* TimePeriodGroup.swift in Sources */ = {isa = PBXBuildFile; fileRef = 85839EDE1F6D66E900944F28 /* TimePeriodGroup.swift */; };
		858C605F1F524F3D00750BDF /* FeatureTableViewCell.swift in Sources */ = {isa = PBXBuildFile; fileRef = 858C605E1F524F3D00750BDF /* FeatureTableViewCell.swift */; };
		858C60621F525D0C00750BDF /* ShowOnMapInputViewController.swift in Sources */ = {isa = PBXBuildFile; fileRef = 858C60611F525D0C00750BDF /* ShowOnMapInputViewController.swift */; };
		858C60651F52FBB200750BDF /* FeatureInputTableViewCell.swift in Sources */ = {isa = PBXBuildFile; fileRef = 858C60641F52FBB200750BDF /* FeatureInputTableViewCell.swift */; };
		858C606A1F5305C000750BDF /* RouteListViewController.swift in Sources */ = {isa = PBXBuildFile; fileRef = 858C60691F5305C000750BDF /* RouteListViewController.swift */; };
		858C606E1F5308F200750BDF /* Instruction.swift in Sources */ = {isa = PBXBuildFile; fileRef = 858C606D1F5308F200750BDF /* Instruction.swift */; };
		858C60701F530B3000750BDF /* Pagination.swift in Sources */ = {isa = PBXBuildFile; fileRef = 858C606F1F530B3000750BDF /* Pagination.swift */; };
		858C60721F531E4400750BDF /* NavigationInputViewController.swift in Sources */ = {isa = PBXBuildFile; fileRef = 858C60711F531E4400750BDF /* NavigationInputViewController.swift */; };
		858C60751F532CBC00750BDF /* CreatePlanViewController.swift in Sources */ = {isa = PBXBuildFile; fileRef = 858C60741F532CBC00750BDF /* CreatePlanViewController.swift */; };
		858C60771F537DB000750BDF /* ItineraryListViewController.swift in Sources */ = {isa = PBXBuildFile; fileRef = 858C60761F537DB000750BDF /* ItineraryListViewController.swift */; };
		858C60791F537DD100750BDF /* MyItineraryViewController.swift in Sources */ = {isa = PBXBuildFile; fileRef = 858C60781F537DD100750BDF /* MyItineraryViewController.swift */; };
		858C60821F53802100750BDF /* CAPSPageMenu+Options.swift in Sources */ = {isa = PBXBuildFile; fileRef = 858C607B1F53802100750BDF /* CAPSPageMenu+Options.swift */; };
		858C60831F53802100750BDF /* CAPSPageMenu+UIConfiguration.swift in Sources */ = {isa = PBXBuildFile; fileRef = 858C607C1F53802100750BDF /* CAPSPageMenu+UIConfiguration.swift */; };
		858C60841F53802100750BDF /* CAPSPageMenu+UIGestureRecognizerDelegate.swift in Sources */ = {isa = PBXBuildFile; fileRef = 858C607D1F53802100750BDF /* CAPSPageMenu+UIGestureRecognizerDelegate.swift */; };
		858C60851F53802100750BDF /* CAPSPageMenu+UIScrollViewDelegate.swift in Sources */ = {isa = PBXBuildFile; fileRef = 858C607E1F53802100750BDF /* CAPSPageMenu+UIScrollViewDelegate.swift */; };
		858C60861F53802100750BDF /* CAPSPageMenu.swift in Sources */ = {isa = PBXBuildFile; fileRef = 858C607F1F53802100750BDF /* CAPSPageMenu.swift */; };
		858C60871F53802100750BDF /* CAPSPageMenuConfiguration.swift in Sources */ = {isa = PBXBuildFile; fileRef = 858C60801F53802100750BDF /* CAPSPageMenuConfiguration.swift */; };
		858C60881F53802100750BDF /* MenuItemView.swift in Sources */ = {isa = PBXBuildFile; fileRef = 858C60811F53802100750BDF /* MenuItemView.swift */; };
		858C608B1F53811300750BDF /* ItineraryTableViewCell.swift in Sources */ = {isa = PBXBuildFile; fileRef = 858C608A1F53811300750BDF /* ItineraryTableViewCell.swift */; };
		858C608D1F53873B00750BDF /* MainTabViewController.swift in Sources */ = {isa = PBXBuildFile; fileRef = 858C608C1F53873B00750BDF /* MainTabViewController.swift */; };
		858C608F1F5394D900750BDF /* Route.swift in Sources */ = {isa = PBXBuildFile; fileRef = 858C608E1F5394D900750BDF /* Route.swift */; };
		858C60911F53985600750BDF /* ExploreViewController.swift in Sources */ = {isa = PBXBuildFile; fileRef = 858C60901F53985600750BDF /* ExploreViewController.swift */; };
		858C60931F53B05300750BDF /* AddToPlanInputViewController.swift in Sources */ = {isa = PBXBuildFile; fileRef = 858C60921F53B05300750BDF /* AddToPlanInputViewController.swift */; };
		858C60951F53B1A300750BDF /* AddToPlanViewController.swift in Sources */ = {isa = PBXBuildFile; fileRef = 858C60941F53B1A300750BDF /* AddToPlanViewController.swift */; };
		858C60971F53B6D800750BDF /* FakeTableViewCell.swift in Sources */ = {isa = PBXBuildFile; fileRef = 858C60961F53B6D800750BDF /* FakeTableViewCell.swift */; };
		858C60981F53C87800750BDF /* ItineraryTableViewCell.swift in Sources */ = {isa = PBXBuildFile; fileRef = 858C608A1F53811300750BDF /* ItineraryTableViewCell.swift */; };
		858C60991F53C87800750BDF /* FakeTableViewCell.swift in Sources */ = {isa = PBXBuildFile; fileRef = 858C60961F53B6D800750BDF /* FakeTableViewCell.swift */; };
		858C609A1F53C87800750BDF /* Pagination.swift in Sources */ = {isa = PBXBuildFile; fileRef = 858C606F1F530B3000750BDF /* Pagination.swift */; };
		858C609B1F53C87800750BDF /* Instruction.swift in Sources */ = {isa = PBXBuildFile; fileRef = 858C606D1F5308F200750BDF /* Instruction.swift */; };
		858C609D1F53C87800750BDF /* Route.swift in Sources */ = {isa = PBXBuildFile; fileRef = 858C608E1F5394D900750BDF /* Route.swift */; };
		858C609E1F53C87800750BDF /* CAPSPageMenu+Options.swift in Sources */ = {isa = PBXBuildFile; fileRef = 858C607B1F53802100750BDF /* CAPSPageMenu+Options.swift */; };
		858C609F1F53C87800750BDF /* CAPSPageMenu+UIConfiguration.swift in Sources */ = {isa = PBXBuildFile; fileRef = 858C607C1F53802100750BDF /* CAPSPageMenu+UIConfiguration.swift */; };
		858C60A01F53C87800750BDF /* CAPSPageMenu+UIGestureRecognizerDelegate.swift in Sources */ = {isa = PBXBuildFile; fileRef = 858C607D1F53802100750BDF /* CAPSPageMenu+UIGestureRecognizerDelegate.swift */; };
		858C60A11F53C87800750BDF /* CAPSPageMenu+UIScrollViewDelegate.swift in Sources */ = {isa = PBXBuildFile; fileRef = 858C607E1F53802100750BDF /* CAPSPageMenu+UIScrollViewDelegate.swift */; };
		858C60A21F53C87800750BDF /* CAPSPageMenu.swift in Sources */ = {isa = PBXBuildFile; fileRef = 858C607F1F53802100750BDF /* CAPSPageMenu.swift */; };
		858C60A31F53C87800750BDF /* CAPSPageMenuConfiguration.swift in Sources */ = {isa = PBXBuildFile; fileRef = 858C60801F53802100750BDF /* CAPSPageMenuConfiguration.swift */; };
		858C60A41F53C87800750BDF /* MenuItemView.swift in Sources */ = {isa = PBXBuildFile; fileRef = 858C60811F53802100750BDF /* MenuItemView.swift */; };
		858C60A51F53C87800750BDF /* MyItineraryViewController.swift in Sources */ = {isa = PBXBuildFile; fileRef = 858C60781F537DD100750BDF /* MyItineraryViewController.swift */; };
		858C60A61F53C87800750BDF /* ItineraryListViewController.swift in Sources */ = {isa = PBXBuildFile; fileRef = 858C60761F537DB000750BDF /* ItineraryListViewController.swift */; };
		858C60A71F53C87800750BDF /* CreatePlanViewController.swift in Sources */ = {isa = PBXBuildFile; fileRef = 858C60741F532CBC00750BDF /* CreatePlanViewController.swift */; };
		858C60A81F53C87800750BDF /* AddToPlanViewController.swift in Sources */ = {isa = PBXBuildFile; fileRef = 858C60941F53B1A300750BDF /* AddToPlanViewController.swift */; };
		858C60A91F53C87800750BDF /* RouteListViewController.swift in Sources */ = {isa = PBXBuildFile; fileRef = 858C60691F5305C000750BDF /* RouteListViewController.swift */; };
		8592E20A1F6DE57200C5093F /* RouteMapViewController.swift in Sources */ = {isa = PBXBuildFile; fileRef = 8592E2091F6DE57200C5093F /* RouteMapViewController.swift */; };
		8592E20B1F6DE7CB00C5093F /* RouteMapViewController.swift in Sources */ = {isa = PBXBuildFile; fileRef = 8592E2091F6DE57200C5093F /* RouteMapViewController.swift */; };
		8592E21A1F6E20EB00C5093F /* AnimatedTextField.swift in Sources */ = {isa = PBXBuildFile; fileRef = 8592E2191F6E20EB00C5093F /* AnimatedTextField.swift */; };
		85A39D2B1F514FC000BDDD9A /* UIImageView-SDK.swift in Sources */ = {isa = PBXBuildFile; fileRef = 85C51D011F46E76500700BEF /* UIImageView-SDK.swift */; };
		85A39D2C1F514FC000BDDD9A /* UILabel-SS.swift in Sources */ = {isa = PBXBuildFile; fileRef = 85AF47061F322746002CC6E5 /* UILabel-SS.swift */; };
		85A39D2D1F514FC000BDDD9A /* UIViewController-SS.swift in Sources */ = {isa = PBXBuildFile; fileRef = 85C51D421F4AE61700700BEF /* UIViewController-SS.swift */; };
		85A39D2E1F514FC000BDDD9A /* HTTPClient.swift in Sources */ = {isa = PBXBuildFile; fileRef = 85AF46F81F31D8D4002CC6E5 /* HTTPClient.swift */; };
		85A39D2F1F514FC000BDDD9A /* ShadowButton.swift in Sources */ = {isa = PBXBuildFile; fileRef = 85C51D041F49DFC600700BEF /* ShadowButton.swift */; };
		85A39D301F514FC000BDDD9A /* MyCustomPointAnnotation.swift in Sources */ = {isa = PBXBuildFile; fileRef = 85AF46EF1F31D78C002CC6E5 /* MyCustomPointAnnotation.swift */; };
		85A39D311F514FC000BDDD9A /* CustomCalloutViewItinerary.swift in Sources */ = {isa = PBXBuildFile; fileRef = 85AF46F01F31D78C002CC6E5 /* CustomCalloutViewItinerary.swift */; };
		85A39D321F514FC000BDDD9A /* CustomCalloutView.swift in Sources */ = {isa = PBXBuildFile; fileRef = 85AF46F11F31D78C002CC6E5 /* CustomCalloutView.swift */; };
		85A39D331F514FC000BDDD9A /* CustomAnnotationView.swift in Sources */ = {isa = PBXBuildFile; fileRef = 85AF46F21F31D78C002CC6E5 /* CustomAnnotationView.swift */; };
		85A39D341F514FC000BDDD9A /* Theme.swift in Sources */ = {isa = PBXBuildFile; fileRef = 85AF47001F31DD43002CC6E5 /* Theme.swift */; };
		85A39D351F514FC000BDDD9A /* Bus.swift in Sources */ = {isa = PBXBuildFile; fileRef = 85AF47011F31DD43002CC6E5 /* Bus.swift */; };
		85A39D361F514FC000BDDD9A /* Item.swift in Sources */ = {isa = PBXBuildFile; fileRef = 85AF46FA1F31D8DB002CC6E5 /* Item.swift */; };
		85A39D371F514FC000BDDD9A /* BaseModel.swift in Sources */ = {isa = PBXBuildFile; fileRef = 85AF46E91F31D24B002CC6E5 /* BaseModel.swift */; };
		85A39D381F514FC000BDDD9A /* Itinerary.swift in Sources */ = {isa = PBXBuildFile; fileRef = 85AF46E71F31D23D002CC6E5 /* Itinerary.swift */; };
		85A39D391F514FC000BDDD9A /* Category.swift in Sources */ = {isa = PBXBuildFile; fileRef = 85C51D401F4AE0F500700BEF /* Category.swift */; };
		85A39D3A1F514FC100BDDD9A /* BaseViewController.swift in Sources */ = {isa = PBXBuildFile; fileRef = 85C51D441F4B3E2200700BEF /* BaseViewController.swift */; };
		85A39D3B1F514FC100BDDD9A /* FooyoBaseMapViewController.swift in Sources */ = {isa = PBXBuildFile; fileRef = 85AF47041F32267E002CC6E5 /* FooyoBaseMapViewController.swift */; };
		85A39D3C1F514FC100BDDD9A /* FilterViewController.swift in Sources */ = {isa = PBXBuildFile; fileRef = 85AF46FE1F31D9C5002CC6E5 /* FilterViewController.swift */; };
		85AF46D91F318052002CC6E5 /* FooyoBaseMapViewControllerTest.swift in Sources */ = {isa = PBXBuildFile; fileRef = 85AF46D81F318052002CC6E5 /* FooyoBaseMapViewControllerTest.swift */; };
		85AF46DC1F31846A002CC6E5 /* Mapbox.framework in Frameworks */ = {isa = PBXBuildFile; fileRef = 85AF46DB1F31846A002CC6E5 /* Mapbox.framework */; };
		85AF46DD1F3184EC002CC6E5 /* Mapbox.framework in Frameworks */ = {isa = PBXBuildFile; fileRef = 85AF46DB1F31846A002CC6E5 /* Mapbox.framework */; };
		85AF46DE1F319B22002CC6E5 /* FooyoBaseMapViewControllerTest.swift in Sources */ = {isa = PBXBuildFile; fileRef = 85AF46D81F318052002CC6E5 /* FooyoBaseMapViewControllerTest.swift */; };
		85AF46E51F31D164002CC6E5 /* SVProgressHUD.framework in Frameworks */ = {isa = PBXBuildFile; fileRef = 85AF46E41F31D164002CC6E5 /* SVProgressHUD.framework */; };
		85AF46E81F31D23D002CC6E5 /* Itinerary.swift in Sources */ = {isa = PBXBuildFile; fileRef = 85AF46E71F31D23D002CC6E5 /* Itinerary.swift */; };
		85AF46EA1F31D24B002CC6E5 /* BaseModel.swift in Sources */ = {isa = PBXBuildFile; fileRef = 85AF46E91F31D24B002CC6E5 /* BaseModel.swift */; };
		85AF46EC1F31D521002CC6E5 /* SwiftyJSON.framework in Frameworks */ = {isa = PBXBuildFile; fileRef = 85AF46EB1F31D521002CC6E5 /* SwiftyJSON.framework */; };
		85AF46F31F31D78C002CC6E5 /* MyCustomPointAnnotation.swift in Sources */ = {isa = PBXBuildFile; fileRef = 85AF46EF1F31D78C002CC6E5 /* MyCustomPointAnnotation.swift */; };
		85AF46F41F31D78C002CC6E5 /* CustomCalloutViewItinerary.swift in Sources */ = {isa = PBXBuildFile; fileRef = 85AF46F01F31D78C002CC6E5 /* CustomCalloutViewItinerary.swift */; };
		85AF46F51F31D78C002CC6E5 /* CustomCalloutView.swift in Sources */ = {isa = PBXBuildFile; fileRef = 85AF46F11F31D78C002CC6E5 /* CustomCalloutView.swift */; };
		85AF46F61F31D78C002CC6E5 /* CustomAnnotationView.swift in Sources */ = {isa = PBXBuildFile; fileRef = 85AF46F21F31D78C002CC6E5 /* CustomAnnotationView.swift */; };
		85AF46F91F31D8D4002CC6E5 /* HTTPClient.swift in Sources */ = {isa = PBXBuildFile; fileRef = 85AF46F81F31D8D4002CC6E5 /* HTTPClient.swift */; };
		85AF46FB1F31D8DB002CC6E5 /* Item.swift in Sources */ = {isa = PBXBuildFile; fileRef = 85AF46FA1F31D8DB002CC6E5 /* Item.swift */; };
		85AF46FF1F31D9C5002CC6E5 /* FilterViewController.swift in Sources */ = {isa = PBXBuildFile; fileRef = 85AF46FE1F31D9C5002CC6E5 /* FilterViewController.swift */; };
		85AF47021F31DD43002CC6E5 /* Theme.swift in Sources */ = {isa = PBXBuildFile; fileRef = 85AF47001F31DD43002CC6E5 /* Theme.swift */; };
		85AF47031F31DD43002CC6E5 /* Bus.swift in Sources */ = {isa = PBXBuildFile; fileRef = 85AF47011F31DD43002CC6E5 /* Bus.swift */; };
		85AF47051F32267E002CC6E5 /* FooyoBaseMapViewController.swift in Sources */ = {isa = PBXBuildFile; fileRef = 85AF47041F32267E002CC6E5 /* FooyoBaseMapViewController.swift */; };
		85AF47071F322746002CC6E5 /* UILabel-SS.swift in Sources */ = {isa = PBXBuildFile; fileRef = 85AF47061F322746002CC6E5 /* UILabel-SS.swift */; };
		85C51D021F46E76500700BEF /* UIImageView-SDK.swift in Sources */ = {isa = PBXBuildFile; fileRef = 85C51D011F46E76500700BEF /* UIImageView-SDK.swift */; };
		85C51D051F49DFC600700BEF /* ShadowButton.swift in Sources */ = {isa = PBXBuildFile; fileRef = 85C51D041F49DFC600700BEF /* ShadowButton.swift */; };
		85C51D411F4AE0F500700BEF /* Category.swift in Sources */ = {isa = PBXBuildFile; fileRef = 85C51D401F4AE0F500700BEF /* Category.swift */; };
		85C51D431F4AE61700700BEF /* UIViewController-SS.swift in Sources */ = {isa = PBXBuildFile; fileRef = 85C51D421F4AE61700700BEF /* UIViewController-SS.swift */; };
		85C51D451F4B3E2200700BEF /* BaseViewController.swift in Sources */ = {isa = PBXBuildFile; fileRef = 85C51D441F4B3E2200700BEF /* BaseViewController.swift */; };
		85CDE1BB1F6FF87700DEC6AE /* ItinerarySummaryCollectionViewCell.swift in Sources */ = {isa = PBXBuildFile; fileRef = 85CDE1BA1F6FF87700DEC6AE /* ItinerarySummaryCollectionViewCell.swift */; };
		85CDE1BC1F6FFBFD00DEC6AE /* ItinerarySummaryCollectionViewCell.swift in Sources */ = {isa = PBXBuildFile; fileRef = 85CDE1BA1F6FF87700DEC6AE /* ItinerarySummaryCollectionViewCell.swift */; };
		85CDE1BD1F6FFC5700DEC6AE /* Constants.swift in Sources */ = {isa = PBXBuildFile; fileRef = 85839ECF1F6D66E900944F28 /* Constants.swift */; };
		85CDE1BE1F6FFC5900DEC6AE /* Date+Bundle.swift in Sources */ = {isa = PBXBuildFile; fileRef = 85839ED01F6D66E900944F28 /* Date+Bundle.swift */; };
		85CDE1BF1F6FFC5B00DEC6AE /* Date+Comparators.swift in Sources */ = {isa = PBXBuildFile; fileRef = 85839ED11F6D66E900944F28 /* Date+Comparators.swift */; };
		85CDE1C01F6FFC5E00DEC6AE /* Date+Components.swift in Sources */ = {isa = PBXBuildFile; fileRef = 85839ED21F6D66E900944F28 /* Date+Components.swift */; };
		85CDE1C11F6FFC6000DEC6AE /* Date+Format.swift in Sources */ = {isa = PBXBuildFile; fileRef = 85839ED31F6D66E900944F28 /* Date+Format.swift */; };
		85CDE1C21F6FFC6300DEC6AE /* Date+Inits.swift in Sources */ = {isa = PBXBuildFile; fileRef = 85839ED41F6D66E900944F28 /* Date+Inits.swift */; };
		85CDE1C31F6FFC6500DEC6AE /* Date+Manipulations.swift in Sources */ = {isa = PBXBuildFile; fileRef = 85839ED51F6D66E900944F28 /* Date+Manipulations.swift */; };
		85CDE1C41F6FFC6700DEC6AE /* Date+TimeAgo.swift in Sources */ = {isa = PBXBuildFile; fileRef = 85839ED61F6D66E900944F28 /* Date+TimeAgo.swift */; };
		85CDE1C51F6FFC6A00DEC6AE /* DateTools.bundle in Resources */ = {isa = PBXBuildFile; fileRef = 85839ED71F6D66E900944F28 /* DateTools.bundle */; };
		85CDE1C61F6FFC6D00DEC6AE /* Enums.swift in Sources */ = {isa = PBXBuildFile; fileRef = 85839ED81F6D66E900944F28 /* Enums.swift */; };
		85CDE1C71F6FFC6F00DEC6AE /* Integer+DateTools.swift in Sources */ = {isa = PBXBuildFile; fileRef = 85839ED91F6D66E900944F28 /* Integer+DateTools.swift */; };
		85CDE1C81F6FFC7200DEC6AE /* TimeChunk.swift in Sources */ = {isa = PBXBuildFile; fileRef = 85839EDA1F6D66E900944F28 /* TimeChunk.swift */; };
		85CDE1C91F6FFC7400DEC6AE /* TimePeriod.swift in Sources */ = {isa = PBXBuildFile; fileRef = 85839EDB1F6D66E900944F28 /* TimePeriod.swift */; };
		85CDE1CA1F6FFC7600DEC6AE /* TimePeriodChain.swift in Sources */ = {isa = PBXBuildFile; fileRef = 85839EDC1F6D66E900944F28 /* TimePeriodChain.swift */; };
		85CDE1CB1F6FFC7900DEC6AE /* TimePeriodCollection.swift in Sources */ = {isa = PBXBuildFile; fileRef = 85839EDD1F6D66E900944F28 /* TimePeriodCollection.swift */; };
		85CDE1CC1F6FFC7B00DEC6AE /* TimePeriodGroup.swift in Sources */ = {isa = PBXBuildFile; fileRef = 85839EDE1F6D66E900944F28 /* TimePeriodGroup.swift */; };
		85CDE1CD1F6FFC7F00DEC6AE /* LXReorderableCollectionViewFlowLayout.h in Headers */ = {isa = PBXBuildFile; fileRef = 854332711F6E683000A15F6A /* LXReorderableCollectionViewFlowLayout.h */; };
		85CDE1CE1F6FFC8300DEC6AE /* LXReorderableCollectionViewFlowLayout.m in Sources */ = {isa = PBXBuildFile; fileRef = 854332721F6E683000A15F6A /* LXReorderableCollectionViewFlowLayout.m */; };
		85CDE1D01F6FFF7800DEC6AE /* SetUserViewController.swift in Sources */ = {isa = PBXBuildFile; fileRef = 85CDE1CF1F6FFF7800DEC6AE /* SetUserViewController.swift */; };
		85CDE1D21F7004A500DEC6AE /* TPKeyboardAvoidingKit.framework in Frameworks */ = {isa = PBXBuildFile; fileRef = 85CDE1D11F7004A500DEC6AE /* TPKeyboardAvoidingKit.framework */; };
		85DD04521F663C9D005B36C1 /* CategoryTableViewCell.swift in Sources */ = {isa = PBXBuildFile; fileRef = 85DD04511F663C9D005B36C1 /* CategoryTableViewCell.swift */; };
		85DD04531F664519005B36C1 /* CategoryTableViewCell.swift in Sources */ = {isa = PBXBuildFile; fileRef = 85DD04511F663C9D005B36C1 /* CategoryTableViewCell.swift */; };
		85DD04551F68242B005B36C1 /* SearchHistoryViewController.swift in Sources */ = {isa = PBXBuildFile; fileRef = 85DD04541F68242B005B36C1 /* SearchHistoryViewController.swift */; };
		85DD04571F68316C005B36C1 /* ItemSummaryTableViewCell.swift in Sources */ = {isa = PBXBuildFile; fileRef = 85DD04561F68316C005B36C1 /* ItemSummaryTableViewCell.swift */; };
		85DD04581F683704005B36C1 /* SearchHistoryViewController.swift in Sources */ = {isa = PBXBuildFile; fileRef = 85DD04541F68242B005B36C1 /* SearchHistoryViewController.swift */; };
		85DD04591F68371F005B36C1 /* ItemSummaryTableViewCell.swift in Sources */ = {isa = PBXBuildFile; fileRef = 85DD04561F68316C005B36C1 /* ItemSummaryTableViewCell.swift */; };
		85DE37121F515E7F004AC6C6 /* SwiftyJSON.framework in Frameworks */ = {isa = PBXBuildFile; fileRef = 85AF46EB1F31D521002CC6E5 /* SwiftyJSON.framework */; };
		85DE37131F515E7F004AC6C6 /* SVProgressHUD.framework in Frameworks */ = {isa = PBXBuildFile; fileRef = 85AF46E41F31D164002CC6E5 /* SVProgressHUD.framework */; };
		85DE37141F515E7F004AC6C6 /* AlamofireImage.framework in Frameworks */ = {isa = PBXBuildFile; fileRef = 85AF46E21F31D05D002CC6E5 /* AlamofireImage.framework */; };
		85DE37151F515E7F004AC6C6 /* Alamofire.framework in Frameworks */ = {isa = PBXBuildFile; fileRef = 855374501F3233C1005CC168 /* Alamofire.framework */; };
/* End PBXBuildFile section */

/* Begin PBXContainerItemProxy section */
		8520378D1F1D0E08000D2B7F /* PBXContainerItemProxy */ = {
			isa = PBXContainerItemProxy;
			containerPortal = 8520372D1F1C884F000D2B7F /* Project object */;
			proxyType = 1;
			remoteGlobalIDString = 852037871F1D0E08000D2B7F;
			remoteInfo = FooyoTestSDK;
		};
/* End PBXContainerItemProxy section */

/* Begin PBXCopyFilesBuildPhase section */
		8520374D1F1C927E000D2B7F /* Embed Frameworks */ = {
			isa = PBXCopyFilesBuildPhase;
			buildActionMask = 2147483647;
			dstPath = "";
			dstSubfolderSpec = 10;
			files = (
				852037901F1D0E08000D2B7F /* FooyoTestSDK.framework in Embed Frameworks */,
				8520374C1F1C927E000D2B7F /* SnapKit.framework in Embed Frameworks */,
			);
			name = "Embed Frameworks";
			runOnlyForDeploymentPostprocessing = 0;
		};
/* End PBXCopyFilesBuildPhase section */

/* Begin PBXFileReference section */
		852037351F1C884F000D2B7F /* FooyoSDKExample.app */ = {isa = PBXFileReference; explicitFileType = wrapper.application; includeInIndex = 0; path = FooyoSDKExample.app; sourceTree = BUILT_PRODUCTS_DIR; };
		852037381F1C884F000D2B7F /* AppDelegate.swift */ = {isa = PBXFileReference; lastKnownFileType = sourcecode.swift; name = AppDelegate.swift; path = CarthageTest/AppDelegate.swift; sourceTree = "<group>"; };
		8520373D1F1C884F000D2B7F /* Base */ = {isa = PBXFileReference; lastKnownFileType = file.storyboard; name = Base; path = Base.lproj/Main.storyboard; sourceTree = "<group>"; };
		8520373F1F1C884F000D2B7F /* Assets.xcassets */ = {isa = PBXFileReference; lastKnownFileType = folder.assetcatalog; name = Assets.xcassets; path = CarthageTest/Assets.xcassets; sourceTree = "<group>"; };
		852037421F1C884F000D2B7F /* Base */ = {isa = PBXFileReference; lastKnownFileType = file.storyboard; name = Base; path = Base.lproj/LaunchScreen.storyboard; sourceTree = "<group>"; };
		852037441F1C884F000D2B7F /* Info.plist */ = {isa = PBXFileReference; lastKnownFileType = text.plist.xml; name = Info.plist; path = CarthageTest/Info.plist; sourceTree = "<group>"; };
		8520374A1F1C927E000D2B7F /* SnapKit.framework */ = {isa = PBXFileReference; lastKnownFileType = wrapper.framework; name = SnapKit.framework; path = Carthage/Build/iOS/SnapKit.framework; sourceTree = "<group>"; };
		8520374F1F1C92D2000D2B7F /* SnapKit.framework.dSYM */ = {isa = PBXFileReference; lastKnownFileType = wrapper.dsym; name = SnapKit.framework.dSYM; path = Carthage/Build/iOS/SnapKit.framework.dSYM; sourceTree = "<group>"; };
		852037641F1D023C000D2B7F /* TGPControls.framework */ = {isa = PBXFileReference; lastKnownFileType = wrapper.framework; name = TGPControls.framework; path = Carthage/Build/iOS/TGPControls.framework; sourceTree = "<group>"; };
		852037661F1D0322000D2B7F /* NewItineraryViewController.swift */ = {isa = PBXFileReference; fileEncoding = 4; lastKnownFileType = sourcecode.swift; path = NewItineraryViewController.swift; sourceTree = "<group>"; };
		852037671F1D0322000D2B7F /* ChooseThemeViewController.swift */ = {isa = PBXFileReference; fileEncoding = 4; lastKnownFileType = sourcecode.swift; path = ChooseThemeViewController.swift; sourceTree = "<group>"; };
		8520376A1F1D0372000D2B7F /* BaseViewControllerTest.swift */ = {isa = PBXFileReference; fileEncoding = 4; lastKnownFileType = sourcecode.swift; path = BaseViewControllerTest.swift; sourceTree = "<group>"; };
		8520376C1F1D0405000D2B7F /* Scale.swift */ = {isa = PBXFileReference; fileEncoding = 4; lastKnownFileType = sourcecode.swift; path = Scale.swift; sourceTree = "<group>"; };
		852037701F1D0437000D2B7F /* NSobject-SS.swift */ = {isa = PBXFileReference; fileEncoding = 4; lastKnownFileType = sourcecode.swift; path = "NSobject-SS.swift"; sourceTree = "<group>"; };
		852037721F1D0557000D2B7F /* UIView-SS.swift */ = {isa = PBXFileReference; fileEncoding = 4; lastKnownFileType = sourcecode.swift; path = "UIView-SS.swift"; sourceTree = "<group>"; };
		852037741F1D0578000D2B7F /* UIFont-SS.swift */ = {isa = PBXFileReference; fileEncoding = 4; lastKnownFileType = sourcecode.swift; path = "UIFont-SS.swift"; sourceTree = "<group>"; };
		852037751F1D0578000D2B7F /* UIColor-SS.swift */ = {isa = PBXFileReference; fileEncoding = 4; lastKnownFileType = sourcecode.swift; path = "UIColor-SS.swift"; sourceTree = "<group>"; };
		852037781F1D0656000D2B7F /* ThemeCollectionViewCell.swift */ = {isa = PBXFileReference; fileEncoding = 4; lastKnownFileType = sourcecode.swift; path = ThemeCollectionViewCell.swift; sourceTree = "<group>"; };
		8520377C1F1D06C3000D2B7F /* UIImage-SS.swift */ = {isa = PBXFileReference; fileEncoding = 4; lastKnownFileType = sourcecode.swift; path = "UIImage-SS.swift"; sourceTree = "<group>"; };
		8520377E1F1D072C000D2B7F /* Constant.swift */ = {isa = PBXFileReference; fileEncoding = 4; lastKnownFileType = sourcecode.swift; path = Constant.swift; sourceTree = "<group>"; };
		852037801F1D07B6000D2B7F /* DateTimeTool.swift */ = {isa = PBXFileReference; fileEncoding = 4; lastKnownFileType = sourcecode.swift; path = DateTimeTool.swift; sourceTree = "<group>"; };
		852037881F1D0E08000D2B7F /* FooyoTestSDK.framework */ = {isa = PBXFileReference; explicitFileType = wrapper.framework; includeInIndex = 0; path = FooyoTestSDK.framework; sourceTree = BUILT_PRODUCTS_DIR; };
		8520378A1F1D0E08000D2B7F /* FooyoTestSDK.h */ = {isa = PBXFileReference; lastKnownFileType = sourcecode.c.h; path = FooyoTestSDK.h; sourceTree = "<group>"; };
		8520378B1F1D0E08000D2B7F /* Info.plist */ = {isa = PBXFileReference; lastKnownFileType = text.plist.xml; path = Info.plist; sourceTree = "<group>"; };
		852037D81F1DA6F8000D2B7F /* FooyoSDK.bundle */ = {isa = PBXFileReference; lastKnownFileType = "wrapper.plug-in"; path = FooyoSDK.bundle; sourceTree = "<group>"; };
		854331C71F6E38D200A15F6A /* JVFloatLabeledText.framework */ = {isa = PBXFileReference; lastKnownFileType = wrapper.framework; name = JVFloatLabeledText.framework; path = Carthage/Build/iOS/JVFloatLabeledText.framework; sourceTree = "<group>"; };
		854331CA1F6E672600A15F6A /* EditItineraryViewController.swift */ = {isa = PBXFileReference; fileEncoding = 4; lastKnownFileType = sourcecode.swift; path = EditItineraryViewController.swift; sourceTree = "<group>"; };
		854332711F6E683000A15F6A /* LXReorderableCollectionViewFlowLayout.h */ = {isa = PBXFileReference; fileEncoding = 4; lastKnownFileType = sourcecode.c.h; path = LXReorderableCollectionViewFlowLayout.h; sourceTree = "<group>"; };
		854332721F6E683000A15F6A /* LXReorderableCollectionViewFlowLayout.m */ = {isa = PBXFileReference; fileEncoding = 4; lastKnownFileType = sourcecode.c.objc; path = LXReorderableCollectionViewFlowLayout.m; sourceTree = "<group>"; };
		854332741F6E6AE500A15F6A /* ItineraryEditViewTwoCollectionViewCell.swift */ = {isa = PBXFileReference; fileEncoding = 4; lastKnownFileType = sourcecode.swift; path = ItineraryEditViewTwoCollectionViewCell.swift; sourceTree = "<group>"; };
		854332751F6E6AE500A15F6A /* ItineraryMapCollectionViewCell.swift */ = {isa = PBXFileReference; fileEncoding = 4; lastKnownFileType = sourcecode.swift; path = ItineraryMapCollectionViewCell.swift; sourceTree = "<group>"; };
		854332781F6EBD1000A15F6A /* FooyoSDK-Bridging-Header.h */ = {isa = PBXFileReference; lastKnownFileType = sourcecode.c.h; path = "FooyoSDK-Bridging-Header.h"; sourceTree = "<group>"; };
		8543327A1F6EE0CE00A15F6A /* CoreActionSheetPicker.framework */ = {isa = PBXFileReference; lastKnownFileType = wrapper.framework; name = CoreActionSheetPicker.framework; path = Carthage/Build/iOS/CoreActionSheetPicker.framework; sourceTree = "<group>"; };
		855374501F3233C1005CC168 /* Alamofire.framework */ = {isa = PBXFileReference; lastKnownFileType = wrapper.framework; name = Alamofire.framework; path = Carthage/Build/iOS/Alamofire.framework; sourceTree = "<group>"; };
		855DFC291F569D8100684194 /* FooyoIndex.swift */ = {isa = PBXFileReference; fileEncoding = 4; lastKnownFileType = sourcecode.swift; path = FooyoIndex.swift; sourceTree = "<group>"; };
		856DB2CA1F6843C9004EA0AA /* EmptyTableViewCell.swift */ = {isa = PBXFileReference; fileEncoding = 4; lastKnownFileType = sourcecode.swift; path = EmptyTableViewCell.swift; sourceTree = "<group>"; };
		856DB2CD1F68AA7A004EA0AA /* SearchResultViewController.swift */ = {isa = PBXFileReference; fileEncoding = 4; lastKnownFileType = sourcecode.swift; path = SearchResultViewController.swift; sourceTree = "<group>"; };
		856DB2D01F68F29A004EA0AA /* FooyoUser.swift */ = {isa = PBXFileReference; fileEncoding = 4; lastKnownFileType = sourcecode.swift; path = FooyoUser.swift; sourceTree = "<group>"; };
		85839EC41F6B526D00944F28 /* RouteTableViewController.swift */ = {isa = PBXFileReference; fileEncoding = 4; lastKnownFileType = sourcecode.swift; path = RouteTableViewController.swift; sourceTree = "<group>"; };
		85839EC71F6C160400944F28 /* RouteListTableViewCell.swift */ = {isa = PBXFileReference; fileEncoding = 4; lastKnownFileType = sourcecode.swift; path = RouteListTableViewCell.swift; sourceTree = "<group>"; };
		85839ECA1F6D490900944F28 /* NavigationItemView.swift */ = {isa = PBXFileReference; fileEncoding = 4; lastKnownFileType = sourcecode.swift; path = NavigationItemView.swift; sourceTree = "<group>"; };
		85839ECF1F6D66E900944F28 /* Constants.swift */ = {isa = PBXFileReference; fileEncoding = 4; lastKnownFileType = sourcecode.swift; path = Constants.swift; sourceTree = "<group>"; };
		85839ED01F6D66E900944F28 /* Date+Bundle.swift */ = {isa = PBXFileReference; fileEncoding = 4; lastKnownFileType = sourcecode.swift; path = "Date+Bundle.swift"; sourceTree = "<group>"; };
		85839ED11F6D66E900944F28 /* Date+Comparators.swift */ = {isa = PBXFileReference; fileEncoding = 4; lastKnownFileType = sourcecode.swift; path = "Date+Comparators.swift"; sourceTree = "<group>"; };
		85839ED21F6D66E900944F28 /* Date+Components.swift */ = {isa = PBXFileReference; fileEncoding = 4; lastKnownFileType = sourcecode.swift; path = "Date+Components.swift"; sourceTree = "<group>"; };
		85839ED31F6D66E900944F28 /* Date+Format.swift */ = {isa = PBXFileReference; fileEncoding = 4; lastKnownFileType = sourcecode.swift; path = "Date+Format.swift"; sourceTree = "<group>"; };
		85839ED41F6D66E900944F28 /* Date+Inits.swift */ = {isa = PBXFileReference; fileEncoding = 4; lastKnownFileType = sourcecode.swift; path = "Date+Inits.swift"; sourceTree = "<group>"; };
		85839ED51F6D66E900944F28 /* Date+Manipulations.swift */ = {isa = PBXFileReference; fileEncoding = 4; lastKnownFileType = sourcecode.swift; path = "Date+Manipulations.swift"; sourceTree = "<group>"; };
		85839ED61F6D66E900944F28 /* Date+TimeAgo.swift */ = {isa = PBXFileReference; fileEncoding = 4; lastKnownFileType = sourcecode.swift; path = "Date+TimeAgo.swift"; sourceTree = "<group>"; };
		85839ED71F6D66E900944F28 /* DateTools.bundle */ = {isa = PBXFileReference; lastKnownFileType = "wrapper.plug-in"; path = DateTools.bundle; sourceTree = "<group>"; };
		85839ED81F6D66E900944F28 /* Enums.swift */ = {isa = PBXFileReference; fileEncoding = 4; lastKnownFileType = sourcecode.swift; path = Enums.swift; sourceTree = "<group>"; };
		85839ED91F6D66E900944F28 /* Integer+DateTools.swift */ = {isa = PBXFileReference; fileEncoding = 4; lastKnownFileType = sourcecode.swift; path = "Integer+DateTools.swift"; sourceTree = "<group>"; };
		85839EDA1F6D66E900944F28 /* TimeChunk.swift */ = {isa = PBXFileReference; fileEncoding = 4; lastKnownFileType = sourcecode.swift; path = TimeChunk.swift; sourceTree = "<group>"; };
		85839EDB1F6D66E900944F28 /* TimePeriod.swift */ = {isa = PBXFileReference; fileEncoding = 4; lastKnownFileType = sourcecode.swift; path = TimePeriod.swift; sourceTree = "<group>"; };
		85839EDC1F6D66E900944F28 /* TimePeriodChain.swift */ = {isa = PBXFileReference; fileEncoding = 4; lastKnownFileType = sourcecode.swift; path = TimePeriodChain.swift; sourceTree = "<group>"; };
		85839EDD1F6D66E900944F28 /* TimePeriodCollection.swift */ = {isa = PBXFileReference; fileEncoding = 4; lastKnownFileType = sourcecode.swift; path = TimePeriodCollection.swift; sourceTree = "<group>"; };
		85839EDE1F6D66E900944F28 /* TimePeriodGroup.swift */ = {isa = PBXFileReference; fileEncoding = 4; lastKnownFileType = sourcecode.swift; path = TimePeriodGroup.swift; sourceTree = "<group>"; };
		858C605E1F524F3D00750BDF /* FeatureTableViewCell.swift */ = {isa = PBXFileReference; fileEncoding = 4; lastKnownFileType = sourcecode.swift; path = FeatureTableViewCell.swift; sourceTree = "<group>"; };
		858C60611F525D0C00750BDF /* ShowOnMapInputViewController.swift */ = {isa = PBXFileReference; fileEncoding = 4; lastKnownFileType = sourcecode.swift; path = ShowOnMapInputViewController.swift; sourceTree = "<group>"; };
		858C60641F52FBB200750BDF /* FeatureInputTableViewCell.swift */ = {isa = PBXFileReference; fileEncoding = 4; lastKnownFileType = sourcecode.swift; path = FeatureInputTableViewCell.swift; sourceTree = "<group>"; };
		858C60691F5305C000750BDF /* RouteListViewController.swift */ = {isa = PBXFileReference; fileEncoding = 4; lastKnownFileType = sourcecode.swift; path = RouteListViewController.swift; sourceTree = "<group>"; };
		858C606D1F5308F200750BDF /* Instruction.swift */ = {isa = PBXFileReference; fileEncoding = 4; lastKnownFileType = sourcecode.swift; path = Instruction.swift; sourceTree = "<group>"; };
		858C606F1F530B3000750BDF /* Pagination.swift */ = {isa = PBXFileReference; fileEncoding = 4; lastKnownFileType = sourcecode.swift; path = Pagination.swift; sourceTree = "<group>"; };
		858C60711F531E4400750BDF /* NavigationInputViewController.swift */ = {isa = PBXFileReference; fileEncoding = 4; lastKnownFileType = sourcecode.swift; path = NavigationInputViewController.swift; sourceTree = "<group>"; };
		858C60741F532CBC00750BDF /* CreatePlanViewController.swift */ = {isa = PBXFileReference; fileEncoding = 4; lastKnownFileType = sourcecode.swift; path = CreatePlanViewController.swift; sourceTree = "<group>"; };
		858C60761F537DB000750BDF /* ItineraryListViewController.swift */ = {isa = PBXFileReference; fileEncoding = 4; lastKnownFileType = sourcecode.swift; path = ItineraryListViewController.swift; sourceTree = "<group>"; };
		858C60781F537DD100750BDF /* MyItineraryViewController.swift */ = {isa = PBXFileReference; fileEncoding = 4; lastKnownFileType = sourcecode.swift; path = MyItineraryViewController.swift; sourceTree = "<group>"; };
		858C607B1F53802100750BDF /* CAPSPageMenu+Options.swift */ = {isa = PBXFileReference; fileEncoding = 4; lastKnownFileType = sourcecode.swift; path = "CAPSPageMenu+Options.swift"; sourceTree = "<group>"; };
		858C607C1F53802100750BDF /* CAPSPageMenu+UIConfiguration.swift */ = {isa = PBXFileReference; fileEncoding = 4; lastKnownFileType = sourcecode.swift; path = "CAPSPageMenu+UIConfiguration.swift"; sourceTree = "<group>"; };
		858C607D1F53802100750BDF /* CAPSPageMenu+UIGestureRecognizerDelegate.swift */ = {isa = PBXFileReference; fileEncoding = 4; lastKnownFileType = sourcecode.swift; path = "CAPSPageMenu+UIGestureRecognizerDelegate.swift"; sourceTree = "<group>"; };
		858C607E1F53802100750BDF /* CAPSPageMenu+UIScrollViewDelegate.swift */ = {isa = PBXFileReference; fileEncoding = 4; lastKnownFileType = sourcecode.swift; path = "CAPSPageMenu+UIScrollViewDelegate.swift"; sourceTree = "<group>"; };
		858C607F1F53802100750BDF /* CAPSPageMenu.swift */ = {isa = PBXFileReference; fileEncoding = 4; lastKnownFileType = sourcecode.swift; path = CAPSPageMenu.swift; sourceTree = "<group>"; };
		858C60801F53802100750BDF /* CAPSPageMenuConfiguration.swift */ = {isa = PBXFileReference; fileEncoding = 4; lastKnownFileType = sourcecode.swift; path = CAPSPageMenuConfiguration.swift; sourceTree = "<group>"; };
		858C60811F53802100750BDF /* MenuItemView.swift */ = {isa = PBXFileReference; fileEncoding = 4; lastKnownFileType = sourcecode.swift; path = MenuItemView.swift; sourceTree = "<group>"; };
		858C608A1F53811300750BDF /* ItineraryTableViewCell.swift */ = {isa = PBXFileReference; fileEncoding = 4; lastKnownFileType = sourcecode.swift; path = ItineraryTableViewCell.swift; sourceTree = "<group>"; };
		858C608C1F53873B00750BDF /* MainTabViewController.swift */ = {isa = PBXFileReference; fileEncoding = 4; lastKnownFileType = sourcecode.swift; path = MainTabViewController.swift; sourceTree = "<group>"; };
		858C608E1F5394D900750BDF /* Route.swift */ = {isa = PBXFileReference; fileEncoding = 4; lastKnownFileType = sourcecode.swift; path = Route.swift; sourceTree = "<group>"; };
		858C60901F53985600750BDF /* ExploreViewController.swift */ = {isa = PBXFileReference; fileEncoding = 4; lastKnownFileType = sourcecode.swift; path = ExploreViewController.swift; sourceTree = "<group>"; };
		858C60921F53B05300750BDF /* AddToPlanInputViewController.swift */ = {isa = PBXFileReference; fileEncoding = 4; lastKnownFileType = sourcecode.swift; path = AddToPlanInputViewController.swift; sourceTree = "<group>"; };
		858C60941F53B1A300750BDF /* AddToPlanViewController.swift */ = {isa = PBXFileReference; fileEncoding = 4; lastKnownFileType = sourcecode.swift; path = AddToPlanViewController.swift; sourceTree = "<group>"; };
		858C60961F53B6D800750BDF /* FakeTableViewCell.swift */ = {isa = PBXFileReference; fileEncoding = 4; lastKnownFileType = sourcecode.swift; path = FakeTableViewCell.swift; sourceTree = "<group>"; };
		8592E2091F6DE57200C5093F /* RouteMapViewController.swift */ = {isa = PBXFileReference; fileEncoding = 4; lastKnownFileType = sourcecode.swift; path = RouteMapViewController.swift; sourceTree = "<group>"; };
		8592E2191F6E20EB00C5093F /* AnimatedTextField.swift */ = {isa = PBXFileReference; fileEncoding = 4; lastKnownFileType = sourcecode.swift; path = AnimatedTextField.swift; sourceTree = "<group>"; };
		85AF46D81F318052002CC6E5 /* FooyoBaseMapViewControllerTest.swift */ = {isa = PBXFileReference; fileEncoding = 4; lastKnownFileType = sourcecode.swift; path = FooyoBaseMapViewControllerTest.swift; sourceTree = "<group>"; };
		85AF46DB1F31846A002CC6E5 /* Mapbox.framework */ = {isa = PBXFileReference; lastKnownFileType = wrapper.framework; name = Mapbox.framework; path = Carthage/Build/iOS/Mapbox.framework; sourceTree = "<group>"; };
		85AF46E21F31D05D002CC6E5 /* AlamofireImage.framework */ = {isa = PBXFileReference; lastKnownFileType = wrapper.framework; name = AlamofireImage.framework; path = Carthage/Build/iOS/AlamofireImage.framework; sourceTree = "<group>"; };
		85AF46E41F31D164002CC6E5 /* SVProgressHUD.framework */ = {isa = PBXFileReference; lastKnownFileType = wrapper.framework; name = SVProgressHUD.framework; path = Carthage/Build/iOS/SVProgressHUD.framework; sourceTree = "<group>"; };
		85AF46E71F31D23D002CC6E5 /* Itinerary.swift */ = {isa = PBXFileReference; fileEncoding = 4; lastKnownFileType = sourcecode.swift; path = Itinerary.swift; sourceTree = "<group>"; };
		85AF46E91F31D24B002CC6E5 /* BaseModel.swift */ = {isa = PBXFileReference; fileEncoding = 4; lastKnownFileType = sourcecode.swift; path = BaseModel.swift; sourceTree = "<group>"; };
		85AF46EB1F31D521002CC6E5 /* SwiftyJSON.framework */ = {isa = PBXFileReference; lastKnownFileType = wrapper.framework; name = SwiftyJSON.framework; path = Carthage/Build/iOS/SwiftyJSON.framework; sourceTree = "<group>"; };
		85AF46EF1F31D78C002CC6E5 /* MyCustomPointAnnotation.swift */ = {isa = PBXFileReference; fileEncoding = 4; lastKnownFileType = sourcecode.swift; path = MyCustomPointAnnotation.swift; sourceTree = "<group>"; };
		85AF46F01F31D78C002CC6E5 /* CustomCalloutViewItinerary.swift */ = {isa = PBXFileReference; fileEncoding = 4; lastKnownFileType = sourcecode.swift; path = CustomCalloutViewItinerary.swift; sourceTree = "<group>"; };
		85AF46F11F31D78C002CC6E5 /* CustomCalloutView.swift */ = {isa = PBXFileReference; fileEncoding = 4; lastKnownFileType = sourcecode.swift; path = CustomCalloutView.swift; sourceTree = "<group>"; };
		85AF46F21F31D78C002CC6E5 /* CustomAnnotationView.swift */ = {isa = PBXFileReference; fileEncoding = 4; lastKnownFileType = sourcecode.swift; path = CustomAnnotationView.swift; sourceTree = "<group>"; };
		85AF46F81F31D8D4002CC6E5 /* HTTPClient.swift */ = {isa = PBXFileReference; fileEncoding = 4; lastKnownFileType = sourcecode.swift; path = HTTPClient.swift; sourceTree = "<group>"; };
		85AF46FA1F31D8DB002CC6E5 /* Item.swift */ = {isa = PBXFileReference; fileEncoding = 4; lastKnownFileType = sourcecode.swift; path = Item.swift; sourceTree = "<group>"; };
		85AF46FE1F31D9C5002CC6E5 /* FilterViewController.swift */ = {isa = PBXFileReference; fileEncoding = 4; lastKnownFileType = sourcecode.swift; path = FilterViewController.swift; sourceTree = "<group>"; };
		85AF47001F31DD43002CC6E5 /* Theme.swift */ = {isa = PBXFileReference; fileEncoding = 4; lastKnownFileType = sourcecode.swift; path = Theme.swift; sourceTree = "<group>"; };
		85AF47011F31DD43002CC6E5 /* Bus.swift */ = {isa = PBXFileReference; fileEncoding = 4; lastKnownFileType = sourcecode.swift; path = Bus.swift; sourceTree = "<group>"; };
		85AF47041F32267E002CC6E5 /* FooyoBaseMapViewController.swift */ = {isa = PBXFileReference; fileEncoding = 4; lastKnownFileType = sourcecode.swift; path = FooyoBaseMapViewController.swift; sourceTree = "<group>"; };
		85AF47061F322746002CC6E5 /* UILabel-SS.swift */ = {isa = PBXFileReference; fileEncoding = 4; lastKnownFileType = sourcecode.swift; path = "UILabel-SS.swift"; sourceTree = "<group>"; };
		85C51D011F46E76500700BEF /* UIImageView-SDK.swift */ = {isa = PBXFileReference; fileEncoding = 4; lastKnownFileType = sourcecode.swift; path = "UIImageView-SDK.swift"; sourceTree = "<group>"; };
		85C51D041F49DFC600700BEF /* ShadowButton.swift */ = {isa = PBXFileReference; fileEncoding = 4; lastKnownFileType = sourcecode.swift; path = ShadowButton.swift; sourceTree = "<group>"; };
		85C51D401F4AE0F500700BEF /* Category.swift */ = {isa = PBXFileReference; fileEncoding = 4; lastKnownFileType = sourcecode.swift; path = Category.swift; sourceTree = "<group>"; };
		85C51D421F4AE61700700BEF /* UIViewController-SS.swift */ = {isa = PBXFileReference; fileEncoding = 4; lastKnownFileType = sourcecode.swift; path = "UIViewController-SS.swift"; sourceTree = "<group>"; };
		85C51D441F4B3E2200700BEF /* BaseViewController.swift */ = {isa = PBXFileReference; fileEncoding = 4; lastKnownFileType = sourcecode.swift; path = BaseViewController.swift; sourceTree = "<group>"; };
		85CDE1BA1F6FF87700DEC6AE /* ItinerarySummaryCollectionViewCell.swift */ = {isa = PBXFileReference; fileEncoding = 4; lastKnownFileType = sourcecode.swift; path = ItinerarySummaryCollectionViewCell.swift; sourceTree = "<group>"; };
		85CDE1CF1F6FFF7800DEC6AE /* SetUserViewController.swift */ = {isa = PBXFileReference; fileEncoding = 4; lastKnownFileType = sourcecode.swift; path = SetUserViewController.swift; sourceTree = "<group>"; };
		85CDE1D11F7004A500DEC6AE /* TPKeyboardAvoidingKit.framework */ = {isa = PBXFileReference; lastKnownFileType = wrapper.framework; name = TPKeyboardAvoidingKit.framework; path = Carthage/Build/iOS/TPKeyboardAvoidingKit.framework; sourceTree = "<group>"; };
		85DD04511F663C9D005B36C1 /* CategoryTableViewCell.swift */ = {isa = PBXFileReference; fileEncoding = 4; lastKnownFileType = sourcecode.swift; path = CategoryTableViewCell.swift; sourceTree = "<group>"; };
		85DD04541F68242B005B36C1 /* SearchHistoryViewController.swift */ = {isa = PBXFileReference; fileEncoding = 4; lastKnownFileType = sourcecode.swift; path = SearchHistoryViewController.swift; sourceTree = "<group>"; };
		85DD04561F68316C005B36C1 /* ItemSummaryTableViewCell.swift */ = {isa = PBXFileReference; fileEncoding = 4; lastKnownFileType = sourcecode.swift; path = ItemSummaryTableViewCell.swift; sourceTree = "<group>"; };
/* End PBXFileReference section */

/* Begin PBXFrameworksBuildPhase section */
		852037321F1C884F000D2B7F /* Frameworks */ = {
			isa = PBXFrameworksBuildPhase;
			buildActionMask = 2147483647;
			files = (
				85CDE1D21F7004A500DEC6AE /* TPKeyboardAvoidingKit.framework in Frameworks */,
				8543327B1F6EE0CE00A15F6A /* CoreActionSheetPicker.framework in Frameworks */,
				854331C81F6E38D200A15F6A /* JVFloatLabeledText.framework in Frameworks */,
				855374511F3233C1005CC168 /* Alamofire.framework in Frameworks */,
				8553744F1F32339F005CC168 /* AlamofireImage.framework in Frameworks */,
				85AF46EC1F31D521002CC6E5 /* SwiftyJSON.framework in Frameworks */,
				85AF46E51F31D164002CC6E5 /* SVProgressHUD.framework in Frameworks */,
				85AF46DC1F31846A002CC6E5 /* Mapbox.framework in Frameworks */,
				852037651F1D023C000D2B7F /* TGPControls.framework in Frameworks */,
				8520374B1F1C927E000D2B7F /* SnapKit.framework in Frameworks */,
			);
			runOnlyForDeploymentPostprocessing = 0;
		};
		852037841F1D0E08000D2B7F /* Frameworks */ = {
			isa = PBXFrameworksBuildPhase;
			buildActionMask = 2147483647;
			files = (
				852037A21F1D0F6C000D2B7F /* TGPControls.framework in Frameworks */,
				85DE37121F515E7F004AC6C6 /* SwiftyJSON.framework in Frameworks */,
				85DE37131F515E7F004AC6C6 /* SVProgressHUD.framework in Frameworks */,
				852037A11F1D0F55000D2B7F /* SnapKit.framework in Frameworks */,
				85DE37141F515E7F004AC6C6 /* AlamofireImage.framework in Frameworks */,
				85DE37151F515E7F004AC6C6 /* Alamofire.framework in Frameworks */,
				85AF46DD1F3184EC002CC6E5 /* Mapbox.framework in Frameworks */,
			);
			runOnlyForDeploymentPostprocessing = 0;
		};
/* End PBXFrameworksBuildPhase section */

/* Begin PBXGroup section */
		8520372C1F1C884F000D2B7F = {
			isa = PBXGroup;
			children = (
				852037D81F1DA6F8000D2B7F /* FooyoSDK.bundle */,
				852037641F1D023C000D2B7F /* TGPControls.framework */,
				8520374F1F1C92D2000D2B7F /* SnapKit.framework.dSYM */,
				8520374A1F1C927E000D2B7F /* SnapKit.framework */,
				858C60601F525CB500750BDF /* FooyoSDKExample */,
				852037371F1C884F000D2B7F /* FooyoSDK */,
				852037891F1D0E08000D2B7F /* FooyoTestSDK */,
				852037361F1C884F000D2B7F /* Products */,
				85AF46DA1F31846A002CC6E5 /* Frameworks */,
			);
			sourceTree = "<group>";
		};
		852037361F1C884F000D2B7F /* Products */ = {
			isa = PBXGroup;
			children = (
				852037351F1C884F000D2B7F /* FooyoSDKExample.app */,
				852037881F1D0E08000D2B7F /* FooyoTestSDK.framework */,
			);
			name = Products;
			sourceTree = "<group>";
		};
		852037371F1C884F000D2B7F /* FooyoSDK */ = {
			isa = PBXGroup;
			children = (
				854332701F6E683000A15F6A /* LXReorderableCollectionViewFlowLayout */,
				85839ECD1F6D66E900944F28 /* DateToolsSwift */,
				85AF46F71F31D8C3002CC6E5 /* HTTP */,
				85AF46ED1F31D738002CC6E5 /* Widget */,
				85AF46FC1F31D90C002CC6E5 /* Utility */,
				85AF46E61F31D1D7002CC6E5 /* Model */,
				85AF46D71F31800D002CC6E5 /* Common */,
				858C607A1F53802100750BDF /* PageMenuCodes */,
				858C60731F532C9800750BDF /* Plan */,
				858C60661F53055C00750BDF /* Navigation */,
				85C51D001F46E74700700BEF /* Extension */,
				85AF46D61F317F7F002CC6E5 /* BaseMap */,
				852037821F1D0DCC000D2B7F /* bk */,
			);
			name = FooyoSDK;
			path = CarthageTest;
			sourceTree = "<group>";
		};
		852037821F1D0DCC000D2B7F /* bk */ = {
			isa = PBXGroup;
			children = (
				852037661F1D0322000D2B7F /* NewItineraryViewController.swift */,
			);
			name = bk;
			sourceTree = "<group>";
		};
		852037891F1D0E08000D2B7F /* FooyoTestSDK */ = {
			isa = PBXGroup;
			children = (
				8520378A1F1D0E08000D2B7F /* FooyoTestSDK.h */,
				8520378B1F1D0E08000D2B7F /* Info.plist */,
			);
			path = FooyoTestSDK;
			sourceTree = "<group>";
		};
		854331C91F6E516F00A15F6A /* Collection */ = {
			isa = PBXGroup;
			children = (
				85CDE1BA1F6FF87700DEC6AE /* ItinerarySummaryCollectionViewCell.swift */,
				854332741F6E6AE500A15F6A /* ItineraryEditViewTwoCollectionViewCell.swift */,
				854332751F6E6AE500A15F6A /* ItineraryMapCollectionViewCell.swift */,
				852037781F1D0656000D2B7F /* ThemeCollectionViewCell.swift */,
			);
			name = Collection;
			sourceTree = "<group>";
		};
		854332701F6E683000A15F6A /* LXReorderableCollectionViewFlowLayout */ = {
			isa = PBXGroup;
			children = (
				854332711F6E683000A15F6A /* LXReorderableCollectionViewFlowLayout.h */,
				854332721F6E683000A15F6A /* LXReorderableCollectionViewFlowLayout.m */,
			);
			path = LXReorderableCollectionViewFlowLayout;
			sourceTree = "<group>";
		};
		85839ECD1F6D66E900944F28 /* DateToolsSwift */ = {
			isa = PBXGroup;
			children = (
				85839ECE1F6D66E900944F28 /* DateTools */,
			);
			path = DateToolsSwift;
			sourceTree = "<group>";
		};
		85839ECE1F6D66E900944F28 /* DateTools */ = {
			isa = PBXGroup;
			children = (
				85839ECF1F6D66E900944F28 /* Constants.swift */,
				85839ED01F6D66E900944F28 /* Date+Bundle.swift */,
				85839ED11F6D66E900944F28 /* Date+Comparators.swift */,
				85839ED21F6D66E900944F28 /* Date+Components.swift */,
				85839ED31F6D66E900944F28 /* Date+Format.swift */,
				85839ED41F6D66E900944F28 /* Date+Inits.swift */,
				85839ED51F6D66E900944F28 /* Date+Manipulations.swift */,
				85839ED61F6D66E900944F28 /* Date+TimeAgo.swift */,
				85839ED71F6D66E900944F28 /* DateTools.bundle */,
				85839ED81F6D66E900944F28 /* Enums.swift */,
				85839ED91F6D66E900944F28 /* Integer+DateTools.swift */,
				85839EDA1F6D66E900944F28 /* TimeChunk.swift */,
				85839EDB1F6D66E900944F28 /* TimePeriod.swift */,
				85839EDC1F6D66E900944F28 /* TimePeriodChain.swift */,
				85839EDD1F6D66E900944F28 /* TimePeriodCollection.swift */,
				85839EDE1F6D66E900944F28 /* TimePeriodGroup.swift */,
			);
			path = DateTools;
			sourceTree = "<group>";
		};
		858C605D1F524EFD00750BDF /* Table */ = {
			isa = PBXGroup;
			children = (
				858C605E1F524F3D00750BDF /* FeatureTableViewCell.swift */,
				858C60641F52FBB200750BDF /* FeatureInputTableViewCell.swift */,
			);
			name = Table;
			path = CarthageTest;
			sourceTree = "<group>";
		};
		858C60601F525CB500750BDF /* FooyoSDKExample */ = {
			isa = PBXGroup;
			children = (
				858C60631F52FA2100750BDF /* Widget */,
				852037381F1C884F000D2B7F /* AppDelegate.swift */,
				858C608C1F53873B00750BDF /* MainTabViewController.swift */,
				858C60901F53985600750BDF /* ExploreViewController.swift */,
				858C60611F525D0C00750BDF /* ShowOnMapInputViewController.swift */,
				858C60711F531E4400750BDF /* NavigationInputViewController.swift */,
				858C60921F53B05300750BDF /* AddToPlanInputViewController.swift */,
				85CDE1CF1F6FFF7800DEC6AE /* SetUserViewController.swift */,
				8520373C1F1C884F000D2B7F /* Main.storyboard */,
				8520373F1F1C884F000D2B7F /* Assets.xcassets */,
				852037411F1C884F000D2B7F /* LaunchScreen.storyboard */,
				852037441F1C884F000D2B7F /* Info.plist */,
			);
			name = FooyoSDKExample;
			sourceTree = "<group>";
		};
		858C60631F52FA2100750BDF /* Widget */ = {
			isa = PBXGroup;
			children = (
				858C605D1F524EFD00750BDF /* Table */,
			);
			name = Widget;
			sourceTree = "<group>";
		};
		858C60661F53055C00750BDF /* Navigation */ = {
			isa = PBXGroup;
			children = (
				8592E2091F6DE57200C5093F /* RouteMapViewController.swift */,
				858C60691F5305C000750BDF /* RouteListViewController.swift */,
				85839EC41F6B526D00944F28 /* RouteTableViewController.swift */,
			);
			name = Navigation;
			sourceTree = "<group>";
		};
		858C60731F532C9800750BDF /* Plan */ = {
			isa = PBXGroup;
			children = (
				854331CA1F6E672600A15F6A /* EditItineraryViewController.swift */,
				858C60781F537DD100750BDF /* MyItineraryViewController.swift */,
				858C60761F537DB000750BDF /* ItineraryListViewController.swift */,
				858C60741F532CBC00750BDF /* CreatePlanViewController.swift */,
				858C60941F53B1A300750BDF /* AddToPlanViewController.swift */,
				852037671F1D0322000D2B7F /* ChooseThemeViewController.swift */,
			);
			name = Plan;
			sourceTree = "<group>";
		};
		858C607A1F53802100750BDF /* PageMenuCodes */ = {
			isa = PBXGroup;
			children = (
				858C607B1F53802100750BDF /* CAPSPageMenu+Options.swift */,
				858C607C1F53802100750BDF /* CAPSPageMenu+UIConfiguration.swift */,
				858C607D1F53802100750BDF /* CAPSPageMenu+UIGestureRecognizerDelegate.swift */,
				858C607E1F53802100750BDF /* CAPSPageMenu+UIScrollViewDelegate.swift */,
				858C607F1F53802100750BDF /* CAPSPageMenu.swift */,
				858C60801F53802100750BDF /* CAPSPageMenuConfiguration.swift */,
				858C60811F53802100750BDF /* MenuItemView.swift */,
			);
			path = PageMenuCodes;
			sourceTree = "<group>";
		};
		858C60891F5380D400750BDF /* Table */ = {
			isa = PBXGroup;
			children = (
				85839EC71F6C160400944F28 /* RouteListTableViewCell.swift */,
				858C608A1F53811300750BDF /* ItineraryTableViewCell.swift */,
				858C60961F53B6D800750BDF /* FakeTableViewCell.swift */,
				85DD04511F663C9D005B36C1 /* CategoryTableViewCell.swift */,
				85DD04561F68316C005B36C1 /* ItemSummaryTableViewCell.swift */,
				856DB2CA1F6843C9004EA0AA /* EmptyTableViewCell.swift */,
			);
			name = Table;
			sourceTree = "<group>";
		};
		85AF46D61F317F7F002CC6E5 /* BaseMap */ = {
			isa = PBXGroup;
			children = (
				85AF47041F32267E002CC6E5 /* FooyoBaseMapViewController.swift */,
				85AF46FE1F31D9C5002CC6E5 /* FilterViewController.swift */,
				85AF46D81F318052002CC6E5 /* FooyoBaseMapViewControllerTest.swift */,
				85DD04541F68242B005B36C1 /* SearchHistoryViewController.swift */,
				856DB2CD1F68AA7A004EA0AA /* SearchResultViewController.swift */,
			);
			name = BaseMap;
			sourceTree = "<group>";
		};
		85AF46D71F31800D002CC6E5 /* Common */ = {
			isa = PBXGroup;
			children = (
				8520376A1F1D0372000D2B7F /* BaseViewControllerTest.swift */,
				85C51D441F4B3E2200700BEF /* BaseViewController.swift */,
				854332781F6EBD1000A15F6A /* FooyoSDK-Bridging-Header.h */,
			);
			name = Common;
			sourceTree = "<group>";
		};
		85AF46DA1F31846A002CC6E5 /* Frameworks */ = {
			isa = PBXGroup;
			children = (
				85CDE1D11F7004A500DEC6AE /* TPKeyboardAvoidingKit.framework */,
				8543327A1F6EE0CE00A15F6A /* CoreActionSheetPicker.framework */,
				854331C71F6E38D200A15F6A /* JVFloatLabeledText.framework */,
				855374501F3233C1005CC168 /* Alamofire.framework */,
				85AF46EB1F31D521002CC6E5 /* SwiftyJSON.framework */,
				85AF46E41F31D164002CC6E5 /* SVProgressHUD.framework */,
				85AF46E21F31D05D002CC6E5 /* AlamofireImage.framework */,
				85AF46DB1F31846A002CC6E5 /* Mapbox.framework */,
			);
			name = Frameworks;
			sourceTree = "<group>";
		};
		85AF46E61F31D1D7002CC6E5 /* Model */ = {
			isa = PBXGroup;
			children = (
				855DFC291F569D8100684194 /* FooyoIndex.swift */,
				858C606F1F530B3000750BDF /* Pagination.swift */,
				858C606D1F5308F200750BDF /* Instruction.swift */,
				85AF47001F31DD43002CC6E5 /* Theme.swift */,
				85AF47011F31DD43002CC6E5 /* Bus.swift */,
				85AF46FA1F31D8DB002CC6E5 /* Item.swift */,
				85AF46E91F31D24B002CC6E5 /* BaseModel.swift */,
				85AF46E71F31D23D002CC6E5 /* Itinerary.swift */,
				85C51D401F4AE0F500700BEF /* Category.swift */,
				858C608E1F5394D900750BDF /* Route.swift */,
				856DB2D01F68F29A004EA0AA /* FooyoUser.swift */,
			);
			name = Model;
			sourceTree = "<group>";
		};
		85AF46ED1F31D738002CC6E5 /* Widget */ = {
			isa = PBXGroup;
			children = (
				854331C91F6E516F00A15F6A /* Collection */,
				858C60891F5380D400750BDF /* Table */,
				85C51D031F49DF8B00700BEF /* General */,
				85AF46EE1F31D77F002CC6E5 /* Map */,
			);
			name = Widget;
			sourceTree = "<group>";
		};
		85AF46EE1F31D77F002CC6E5 /* Map */ = {
			isa = PBXGroup;
			children = (
				85AF46EF1F31D78C002CC6E5 /* MyCustomPointAnnotation.swift */,
				85AF46F01F31D78C002CC6E5 /* CustomCalloutViewItinerary.swift */,
				85AF46F11F31D78C002CC6E5 /* CustomCalloutView.swift */,
				85AF46F21F31D78C002CC6E5 /* CustomAnnotationView.swift */,
			);
			name = Map;
			sourceTree = "<group>";
		};
		85AF46F71F31D8C3002CC6E5 /* HTTP */ = {
			isa = PBXGroup;
			children = (
				85AF46F81F31D8D4002CC6E5 /* HTTPClient.swift */,
			);
			name = HTTP;
			sourceTree = "<group>";
		};
		85AF46FC1F31D90C002CC6E5 /* Utility */ = {
			isa = PBXGroup;
			children = (
				852037801F1D07B6000D2B7F /* DateTimeTool.swift */,
				8520377E1F1D072C000D2B7F /* Constant.swift */,
				8520376C1F1D0405000D2B7F /* Scale.swift */,
			);
			name = Utility;
			sourceTree = "<group>";
		};
		85C51D001F46E74700700BEF /* Extension */ = {
			isa = PBXGroup;
			children = (
				85C51D011F46E76500700BEF /* UIImageView-SDK.swift */,
				85AF47061F322746002CC6E5 /* UILabel-SS.swift */,
				8520377C1F1D06C3000D2B7F /* UIImage-SS.swift */,
				852037741F1D0578000D2B7F /* UIFont-SS.swift */,
				852037751F1D0578000D2B7F /* UIColor-SS.swift */,
				852037701F1D0437000D2B7F /* NSobject-SS.swift */,
				852037721F1D0557000D2B7F /* UIView-SS.swift */,
				85C51D421F4AE61700700BEF /* UIViewController-SS.swift */,
			);
			name = Extension;
			sourceTree = "<group>";
		};
		85C51D031F49DF8B00700BEF /* General */ = {
			isa = PBXGroup;
			children = (
				85C51D041F49DFC600700BEF /* ShadowButton.swift */,
				85839ECA1F6D490900944F28 /* NavigationItemView.swift */,
				8592E2191F6E20EB00C5093F /* AnimatedTextField.swift */,
			);
			name = General;
			sourceTree = "<group>";
		};
/* End PBXGroup section */

/* Begin PBXHeadersBuildPhase section */
		852037851F1D0E08000D2B7F /* Headers */ = {
			isa = PBXHeadersBuildPhase;
			buildActionMask = 2147483647;
			files = (
				8520378C1F1D0E08000D2B7F /* FooyoTestSDK.h in Headers */,
				85CDE1CD1F6FFC7F00DEC6AE /* LXReorderableCollectionViewFlowLayout.h in Headers */,
			);
			runOnlyForDeploymentPostprocessing = 0;
		};
/* End PBXHeadersBuildPhase section */

/* Begin PBXNativeTarget section */
		852037341F1C884F000D2B7F /* FooyoSDKExample */ = {
			isa = PBXNativeTarget;
			buildConfigurationList = 852037471F1C884F000D2B7F /* Build configuration list for PBXNativeTarget "FooyoSDKExample" */;
			buildPhases = (
				852037311F1C884F000D2B7F /* Sources */,
				852037321F1C884F000D2B7F /* Frameworks */,
				852037331F1C884F000D2B7F /* Resources */,
				8520374D1F1C927E000D2B7F /* Embed Frameworks */,
				852037511F1C92FB000D2B7F /* ShellScript */,
			);
			buildRules = (
			);
			dependencies = (
				8520378E1F1D0E08000D2B7F /* PBXTargetDependency */,
			);
			name = FooyoSDKExample;
			productName = CarthageTest;
			productReference = 852037351F1C884F000D2B7F /* FooyoSDKExample.app */;
			productType = "com.apple.product-type.application";
		};
		852037871F1D0E08000D2B7F /* FooyoTestSDK */ = {
			isa = PBXNativeTarget;
			buildConfigurationList = 852037911F1D0E09000D2B7F /* Build configuration list for PBXNativeTarget "FooyoTestSDK" */;
			buildPhases = (
				852037831F1D0E08000D2B7F /* Sources */,
				852037841F1D0E08000D2B7F /* Frameworks */,
				852037851F1D0E08000D2B7F /* Headers */,
				852037861F1D0E08000D2B7F /* Resources */,
			);
			buildRules = (
			);
			dependencies = (
			);
			name = FooyoTestSDK;
			productName = FooyoTestSDK;
			productReference = 852037881F1D0E08000D2B7F /* FooyoTestSDK.framework */;
			productType = "com.apple.product-type.framework";
		};
/* End PBXNativeTarget section */

/* Begin PBXProject section */
		8520372D1F1C884F000D2B7F /* Project object */ = {
			isa = PBXProject;
			attributes = {
				LastSwiftUpdateCheck = 0830;
				LastUpgradeCheck = 0830;
				ORGANIZATIONNAME = "Yangfan Liu";
				TargetAttributes = {
					852037341F1C884F000D2B7F = {
						CreatedOnToolsVersion = 8.3.2;
						DevelopmentTeam = K2ERF9J63R;
						ProvisioningStyle = Automatic;
					};
					852037871F1D0E08000D2B7F = {
						CreatedOnToolsVersion = 8.3.2;
						DevelopmentTeam = K2ERF9J63R;
						ProvisioningStyle = Automatic;
					};
				};
			};
			buildConfigurationList = 852037301F1C884F000D2B7F /* Build configuration list for PBXProject "FooyoSDKExample" */;
			compatibilityVersion = "Xcode 3.2";
			developmentRegion = English;
			hasScannedForEncodings = 0;
			knownRegions = (
				en,
				Base,
			);
			mainGroup = 8520372C1F1C884F000D2B7F;
			productRefGroup = 852037361F1C884F000D2B7F /* Products */;
			projectDirPath = "";
			projectRoot = "";
			targets = (
				852037341F1C884F000D2B7F /* FooyoSDKExample */,
				852037871F1D0E08000D2B7F /* FooyoTestSDK */,
			);
		};
/* End PBXProject section */

/* Begin PBXResourcesBuildPhase section */
		852037331F1C884F000D2B7F /* Resources */ = {
			isa = PBXResourcesBuildPhase;
			buildActionMask = 2147483647;
			files = (
				852037431F1C884F000D2B7F /* LaunchScreen.storyboard in Resources */,
				852037D91F1DA6F8000D2B7F /* FooyoSDK.bundle in Resources */,
				852037401F1C884F000D2B7F /* Assets.xcassets in Resources */,
				8520373E1F1C884F000D2B7F /* Main.storyboard in Resources */,
				85839F1B1F6D66EA00944F28 /* DateTools.bundle in Resources */,
			);
			runOnlyForDeploymentPostprocessing = 0;
		};
		852037861F1D0E08000D2B7F /* Resources */ = {
			isa = PBXResourcesBuildPhase;
			buildActionMask = 2147483647;
			files = (
				852037E21F1DE4C2000D2B7F /* FooyoSDK.bundle in Resources */,
				85CDE1C51F6FFC6A00DEC6AE /* DateTools.bundle in Resources */,
			);
			runOnlyForDeploymentPostprocessing = 0;
		};
/* End PBXResourcesBuildPhase section */

/* Begin PBXShellScriptBuildPhase section */
		852037511F1C92FB000D2B7F /* ShellScript */ = {
			isa = PBXShellScriptBuildPhase;
			buildActionMask = 2147483647;
			files = (
			);
			inputPaths = (
				"$(SRCROOT)/Carthage/Build/iOS/SnapKit.framework",
				"$(SRCROOT)/Carthage/Build/iOS/TGPControls.framework",
				"$(SRCROOT)/Carthage/Build/iOS/Mapbox.framework",
				"$(SRCROOT)/Carthage/Build/iOS/AlamofireImage.framework",
				"$(SRCROOT)/Carthage/Build/iOS/SVProgressHUD.framework",
				"$(SRCROOT)/Carthage/Build/iOS/SwiftyJSON.framework",
				"$(SRCROOT)/Carthage/Build/iOS/Alamofire.framework",
				"$(SRCROOT)/Carthage/Build/iOS/JVFloatLabeledText.framework",
				"$(SRCROOT)/Carthage/Build/iOS/CoreActionSheetPicker.framework",
				"$(SRCROOT)/Carthage/Build/iOS/TPKeyboardAvoidingKit.framework",
			);
			outputPaths = (
				"$(DERIVED_FILE_DIR)/SnapKit.framework",
				"$(DERIVED_FILE_DIR)/TGPControls.framework",
				"$(DERIVED_FILE_DIR)/Mapbox.framework",
				"$(DERIVED_FILE_DIR)/AlamofireImage.framework",
				"$(DERIVED_FILE_DIR)/SVProgressHUD.framework",
				"$(DERIVED_FILE_DIR)/SwiftyJSON.framework",
				"$(DERIVED_FILE_DIR)/Alamofire.framework",
				"$(DERIVED_FILE_DIR)/JVFloatLabeledText.framework",
				"$(DERIVED_FILE_DIR)/CoreActionSheetPicker.framework",
				"$(DERIVED_FILE_DIR)/TPKeyboardAvoidingKit.framework",
			);
			runOnlyForDeploymentPostprocessing = 0;
			shellPath = /bin/sh;
			shellScript = "/usr/local/bin/carthage copy-frameworks";
		};
/* End PBXShellScriptBuildPhase section */

/* Begin PBXSourcesBuildPhase section */
		852037311F1C884F000D2B7F /* Sources */ = {
			isa = PBXSourcesBuildPhase;
			buildActionMask = 2147483647;
			files = (
				85AF47031F31DD43002CC6E5 /* Bus.swift in Sources */,
				856DB2CE1F68AA7A004EA0AA /* SearchResultViewController.swift in Sources */,
				854332771F6E6AE500A15F6A /* ItineraryMapCollectionViewCell.swift in Sources */,
				85C51D051F49DFC600700BEF /* ShadowButton.swift in Sources */,
				858C60861F53802100750BDF /* CAPSPageMenu.swift in Sources */,
				85C51D451F4B3E2200700BEF /* BaseViewController.swift in Sources */,
				854332731F6E683000A15F6A /* LXReorderableCollectionViewFlowLayout.m in Sources */,
				85AF46EA1F31D24B002CC6E5 /* BaseModel.swift in Sources */,
				855DFC2A1F569D8100684194 /* FooyoIndex.swift in Sources */,
				85C51D411F4AE0F500700BEF /* Category.swift in Sources */,
				85C51D431F4AE61700700BEF /* UIViewController-SS.swift in Sources */,
				85839F131F6D66EA00944F28 /* Constants.swift in Sources */,
				85839F1D1F6D66EA00944F28 /* Integer+DateTools.swift in Sources */,
				858C60881F53802100750BDF /* MenuItemView.swift in Sources */,
				856DB2CB1F6843C9004EA0AA /* EmptyTableViewCell.swift in Sources */,
				85CDE1BB1F6FF87700DEC6AE /* ItinerarySummaryCollectionViewCell.swift in Sources */,
				85839F201F6D66EA00944F28 /* TimePeriodChain.swift in Sources */,
				858C60721F531E4400750BDF /* NavigationInputViewController.swift in Sources */,
				858C60751F532CBC00750BDF /* CreatePlanViewController.swift in Sources */,
				85AF46E81F31D23D002CC6E5 /* Itinerary.swift in Sources */,
				8592E21A1F6E20EB00C5093F /* AnimatedTextField.swift in Sources */,
				852037771F1D0578000D2B7F /* UIColor-SS.swift in Sources */,
				85AF46FB1F31D8DB002CC6E5 /* Item.swift in Sources */,
				858C606E1F5308F200750BDF /* Instruction.swift in Sources */,
				85AF46F31F31D78C002CC6E5 /* MyCustomPointAnnotation.swift in Sources */,
				85839F181F6D66EA00944F28 /* Date+Inits.swift in Sources */,
				8520377A1F1D0656000D2B7F /* ThemeCollectionViewCell.swift in Sources */,
				85C51D021F46E76500700BEF /* UIImageView-SDK.swift in Sources */,
				85839F1F1F6D66EA00944F28 /* TimePeriod.swift in Sources */,
				85839F1A1F6D66EA00944F28 /* Date+TimeAgo.swift in Sources */,
				858C60831F53802100750BDF /* CAPSPageMenu+UIConfiguration.swift in Sources */,
				85839F1E1F6D66EA00944F28 /* TimeChunk.swift in Sources */,
				856DB2D11F68F29A004EA0AA /* FooyoUser.swift in Sources */,
				8520376B1F1D0372000D2B7F /* BaseViewControllerTest.swift in Sources */,
				858C60651F52FBB200750BDF /* FeatureInputTableViewCell.swift in Sources */,
				854331CB1F6E672600A15F6A /* EditItineraryViewController.swift in Sources */,
				85AF46F41F31D78C002CC6E5 /* CustomCalloutViewItinerary.swift in Sources */,
				858C60621F525D0C00750BDF /* ShowOnMapInputViewController.swift in Sources */,
				85839F141F6D66EA00944F28 /* Date+Bundle.swift in Sources */,
				85CDE1D01F6FFF7800DEC6AE /* SetUserViewController.swift in Sources */,
				858C606A1F5305C000750BDF /* RouteListViewController.swift in Sources */,
				85839EC81F6C160400944F28 /* RouteListTableViewCell.swift in Sources */,
				85AF46F51F31D78C002CC6E5 /* CustomCalloutView.swift in Sources */,
				858C60791F537DD100750BDF /* MyItineraryViewController.swift in Sources */,
				858C60771F537DB000750BDF /* ItineraryListViewController.swift in Sources */,
				85839EC51F6B526D00944F28 /* RouteTableViewController.swift in Sources */,
				858C60851F53802100750BDF /* CAPSPageMenu+UIScrollViewDelegate.swift in Sources */,
				8520377D1F1D06C3000D2B7F /* UIImage-SS.swift in Sources */,
				852037691F1D0322000D2B7F /* ChooseThemeViewController.swift in Sources */,
				858C605F1F524F3D00750BDF /* FeatureTableViewCell.swift in Sources */,
				85839F171F6D66EA00944F28 /* Date+Format.swift in Sources */,
				8520377F1F1D072C000D2B7F /* Constant.swift in Sources */,
				852037811F1D07B6000D2B7F /* DateTimeTool.swift in Sources */,
				852037681F1D0322000D2B7F /* NewItineraryViewController.swift in Sources */,
				852037731F1D0557000D2B7F /* UIView-SS.swift in Sources */,
				854332761F6E6AE500A15F6A /* ItineraryEditViewTwoCollectionViewCell.swift in Sources */,
				85AF47021F31DD43002CC6E5 /* Theme.swift in Sources */,
				858C60871F53802100750BDF /* CAPSPageMenuConfiguration.swift in Sources */,
				85839F211F6D66EA00944F28 /* TimePeriodCollection.swift in Sources */,
				85DD04551F68242B005B36C1 /* SearchHistoryViewController.swift in Sources */,
				85839F161F6D66EA00944F28 /* Date+Components.swift in Sources */,
				85839F151F6D66EA00944F28 /* Date+Comparators.swift in Sources */,
				858C60821F53802100750BDF /* CAPSPageMenu+Options.swift in Sources */,
				85AF46F61F31D78C002CC6E5 /* CustomAnnotationView.swift in Sources */,
				85839F1C1F6D66EA00944F28 /* Enums.swift in Sources */,
				85839ECB1F6D490900944F28 /* NavigationItemView.swift in Sources */,
				8520376E1F1D0405000D2B7F /* Scale.swift in Sources */,
				858C60971F53B6D800750BDF /* FakeTableViewCell.swift in Sources */,
				85AF46FF1F31D9C5002CC6E5 /* FilterViewController.swift in Sources */,
				85DD04521F663C9D005B36C1 /* CategoryTableViewCell.swift in Sources */,
				85AF47051F32267E002CC6E5 /* FooyoBaseMapViewController.swift in Sources */,
				858C60911F53985600750BDF /* ExploreViewController.swift in Sources */,
				852037391F1C884F000D2B7F /* AppDelegate.swift in Sources */,
				852037761F1D0578000D2B7F /* UIFont-SS.swift in Sources */,
				85AF47071F322746002CC6E5 /* UILabel-SS.swift in Sources */,
				858C608F1F5394D900750BDF /* Route.swift in Sources */,
				8592E20A1F6DE57200C5093F /* RouteMapViewController.swift in Sources */,
				858C608B1F53811300750BDF /* ItineraryTableViewCell.swift in Sources */,
				85AF46F91F31D8D4002CC6E5 /* HTTPClient.swift in Sources */,
				858C60951F53B1A300750BDF /* AddToPlanViewController.swift in Sources */,
				85DD04571F68316C005B36C1 /* ItemSummaryTableViewCell.swift in Sources */,
				85AF46D91F318052002CC6E5 /* FooyoBaseMapViewControllerTest.swift in Sources */,
				85839F191F6D66EA00944F28 /* Date+Manipulations.swift in Sources */,
				858C60701F530B3000750BDF /* Pagination.swift in Sources */,
				85839F221F6D66EA00944F28 /* TimePeriodGroup.swift in Sources */,
				858C608D1F53873B00750BDF /* MainTabViewController.swift in Sources */,
				852037711F1D0437000D2B7F /* NSobject-SS.swift in Sources */,
				858C60841F53802100750BDF /* CAPSPageMenu+UIGestureRecognizerDelegate.swift in Sources */,
				858C60931F53B05300750BDF /* AddToPlanInputViewController.swift in Sources */,
			);
			runOnlyForDeploymentPostprocessing = 0;
		};
		852037831F1D0E08000D2B7F /* Sources */ = {
			isa = PBXSourcesBuildPhase;
			buildActionMask = 2147483647;
			files = (
				858C60981F53C87800750BDF /* ItineraryTableViewCell.swift in Sources */,
				858C60991F53C87800750BDF /* FakeTableViewCell.swift in Sources */,
				858C609A1F53C87800750BDF /* Pagination.swift in Sources */,
				858C609B1F53C87800750BDF /* Instruction.swift in Sources */,
				85DD04591F68371F005B36C1 /* ItemSummaryTableViewCell.swift in Sources */,
				858C609D1F53C87800750BDF /* Route.swift in Sources */,
				858C609E1F53C87800750BDF /* CAPSPageMenu+Options.swift in Sources */,
				858C609F1F53C87800750BDF /* CAPSPageMenu+UIConfiguration.swift in Sources */,
				858C60A01F53C87800750BDF /* CAPSPageMenu+UIGestureRecognizerDelegate.swift in Sources */,
				85839ECC1F6D508500944F28 /* NavigationItemView.swift in Sources */,
				85CDE1CE1F6FFC8300DEC6AE /* LXReorderableCollectionViewFlowLayout.m in Sources */,
				858C60A11F53C87800750BDF /* CAPSPageMenu+UIScrollViewDelegate.swift in Sources */,
				858C60A21F53C87800750BDF /* CAPSPageMenu.swift in Sources */,
				858C60A31F53C87800750BDF /* CAPSPageMenuConfiguration.swift in Sources */,
				85CDE1BF1F6FFC5B00DEC6AE /* Date+Comparators.swift in Sources */,
				858C60A41F53C87800750BDF /* MenuItemView.swift in Sources */,
				858C60A51F53C87800750BDF /* MyItineraryViewController.swift in Sources */,
				85CDE1BC1F6FFBFD00DEC6AE /* ItinerarySummaryCollectionViewCell.swift in Sources */,
				858C60A61F53C87800750BDF /* ItineraryListViewController.swift in Sources */,
				858C60A71F53C87800750BDF /* CreatePlanViewController.swift in Sources */,
				85CDE1C31F6FFC6500DEC6AE /* Date+Manipulations.swift in Sources */,
				85839EC91F6C1EA500944F28 /* RouteListTableViewCell.swift in Sources */,
				858C60A81F53C87800750BDF /* AddToPlanViewController.swift in Sources */,
				85CDE1BD1F6FFC5700DEC6AE /* Constants.swift in Sources */,
				858C60A91F53C87800750BDF /* RouteListViewController.swift in Sources */,
				85CDE1C01F6FFC5E00DEC6AE /* Date+Components.swift in Sources */,
				85CDE1C91F6FFC7400DEC6AE /* TimePeriod.swift in Sources */,
				85A39D2B1F514FC000BDDD9A /* UIImageView-SDK.swift in Sources */,
				85A39D2C1F514FC000BDDD9A /* UILabel-SS.swift in Sources */,
				85A39D2D1F514FC000BDDD9A /* UIViewController-SS.swift in Sources */,
				85A39D2E1F514FC000BDDD9A /* HTTPClient.swift in Sources */,
				85A39D2F1F514FC000BDDD9A /* ShadowButton.swift in Sources */,
				85A39D301F514FC000BDDD9A /* MyCustomPointAnnotation.swift in Sources */,
				85A39D311F514FC000BDDD9A /* CustomCalloutViewItinerary.swift in Sources */,
				85839EC61F6B540900944F28 /* RouteTableViewController.swift in Sources */,
				85DD04581F683704005B36C1 /* SearchHistoryViewController.swift in Sources */,
				85CDE1C11F6FFC6000DEC6AE /* Date+Format.swift in Sources */,
				85CDE1BE1F6FFC5900DEC6AE /* Date+Bundle.swift in Sources */,
				855DFC2B1F569FF700684194 /* FooyoIndex.swift in Sources */,
				85A39D321F514FC000BDDD9A /* CustomCalloutView.swift in Sources */,
				856DB2D21F68F332004EA0AA /* FooyoUser.swift in Sources */,
				856DB2CC1F6844A4004EA0AA /* EmptyTableViewCell.swift in Sources */,
				85A39D331F514FC000BDDD9A /* CustomAnnotationView.swift in Sources */,
				854331C61F6E2D6100A15F6A /* AnimatedTextField.swift in Sources */,
				85A39D341F514FC000BDDD9A /* Theme.swift in Sources */,
				85A39D351F514FC000BDDD9A /* Bus.swift in Sources */,
				85A39D361F514FC000BDDD9A /* Item.swift in Sources */,
				85CDE1C81F6FFC7200DEC6AE /* TimeChunk.swift in Sources */,
				85CDE1C61F6FFC6D00DEC6AE /* Enums.swift in Sources */,
				85A39D371F514FC000BDDD9A /* BaseModel.swift in Sources */,
				8543327C1F6F556900A15F6A /* ItineraryMapCollectionViewCell.swift in Sources */,
				85CDE1CC1F6FFC7B00DEC6AE /* TimePeriodGroup.swift in Sources */,
				85A39D381F514FC000BDDD9A /* Itinerary.swift in Sources */,
				85A39D391F514FC000BDDD9A /* Category.swift in Sources */,
				85A39D3A1F514FC100BDDD9A /* BaseViewController.swift in Sources */,
				854332791F6ECBF000A15F6A /* EditItineraryViewController.swift in Sources */,
				85CDE1C71F6FFC6F00DEC6AE /* Integer+DateTools.swift in Sources */,
				85A39D3B1F514FC100BDDD9A /* FooyoBaseMapViewController.swift in Sources */,
				85CDE1C41F6FFC6700DEC6AE /* Date+TimeAgo.swift in Sources */,
				85CDE1CB1F6FFC7900DEC6AE /* TimePeriodCollection.swift in Sources */,
				85A39D3C1F514FC100BDDD9A /* FilterViewController.swift in Sources */,
				85AF46DE1F319B22002CC6E5 /* FooyoBaseMapViewControllerTest.swift in Sources */,
				852037A01F1D0E5A000D2B7F /* UIView-SS.swift in Sources */,
				85CDE1CA1F6FFC7600DEC6AE /* TimePeriodChain.swift in Sources */,
				8520379F1F1D0E57000D2B7F /* ChooseThemeViewController.swift in Sources */,
				8520379E1F1D0E55000D2B7F /* NewItineraryViewController.swift in Sources */,
				8520379D1F1D0E52000D2B7F /* BaseViewControllerTest.swift in Sources */,
				8520379B1F1D0E4D000D2B7F /* Scale.swift in Sources */,
				8520379A1F1D0E4B000D2B7F /* NSobject-SS.swift in Sources */,
				852037991F1D0E48000D2B7F /* UIColor-SS.swift in Sources */,
				852037981F1D0E45000D2B7F /* UIFont-SS.swift in Sources */,
				852037971F1D0E43000D2B7F /* DateTimeTool.swift in Sources */,
				8592E20B1F6DE7CB00C5093F /* RouteMapViewController.swift in Sources */,
				852037961F1D0E40000D2B7F /* ThemeCollectionViewCell.swift in Sources */,
				852037951F1D0E37000D2B7F /* UIImage-SS.swift in Sources */,
				856DB2CF1F68CBFE004EA0AA /* SearchResultViewController.swift in Sources */,
				852037941F1D0E33000D2B7F /* Constant.swift in Sources */,
				8543327D1F6F556D00A15F6A /* ItineraryEditViewTwoCollectionViewCell.swift in Sources */,
				85DD04531F664519005B36C1 /* CategoryTableViewCell.swift in Sources */,
				85CDE1C21F6FFC6300DEC6AE /* Date+Inits.swift in Sources */,
			);
			runOnlyForDeploymentPostprocessing = 0;
		};
/* End PBXSourcesBuildPhase section */

/* Begin PBXTargetDependency section */
		8520378E1F1D0E08000D2B7F /* PBXTargetDependency */ = {
			isa = PBXTargetDependency;
			target = 852037871F1D0E08000D2B7F /* FooyoTestSDK */;
			targetProxy = 8520378D1F1D0E08000D2B7F /* PBXContainerItemProxy */;
		};
/* End PBXTargetDependency section */

/* Begin PBXVariantGroup section */
		8520373C1F1C884F000D2B7F /* Main.storyboard */ = {
			isa = PBXVariantGroup;
			children = (
				8520373D1F1C884F000D2B7F /* Base */,
			);
			name = Main.storyboard;
			path = CarthageTest;
			sourceTree = "<group>";
		};
		852037411F1C884F000D2B7F /* LaunchScreen.storyboard */ = {
			isa = PBXVariantGroup;
			children = (
				852037421F1C884F000D2B7F /* Base */,
			);
			name = LaunchScreen.storyboard;
			path = CarthageTest;
			sourceTree = "<group>";
		};
/* End PBXVariantGroup section */

/* Begin XCBuildConfiguration section */
		852037451F1C884F000D2B7F /* Debug */ = {
			isa = XCBuildConfiguration;
			buildSettings = {
				ALWAYS_SEARCH_USER_PATHS = NO;
				CLANG_ANALYZER_NONNULL = YES;
				CLANG_ANALYZER_NUMBER_OBJECT_CONVERSION = YES_AGGRESSIVE;
				CLANG_CXX_LANGUAGE_STANDARD = "gnu++0x";
				CLANG_CXX_LIBRARY = "libc++";
				CLANG_ENABLE_MODULES = YES;
				CLANG_ENABLE_OBJC_ARC = YES;
				CLANG_WARN_BOOL_CONVERSION = YES;
				CLANG_WARN_CONSTANT_CONVERSION = YES;
				CLANG_WARN_DIRECT_OBJC_ISA_USAGE = YES_ERROR;
				CLANG_WARN_DOCUMENTATION_COMMENTS = YES;
				CLANG_WARN_EMPTY_BODY = YES;
				CLANG_WARN_ENUM_CONVERSION = YES;
				CLANG_WARN_INFINITE_RECURSION = YES;
				CLANG_WARN_INT_CONVERSION = YES;
				CLANG_WARN_OBJC_ROOT_CLASS = YES_ERROR;
				CLANG_WARN_SUSPICIOUS_MOVE = YES;
				CLANG_WARN_UNREACHABLE_CODE = YES;
				CLANG_WARN__DUPLICATE_METHOD_MATCH = YES;
				"CODE_SIGN_IDENTITY[sdk=iphoneos*]" = "iPhone Developer";
				COPY_PHASE_STRIP = NO;
				DEBUG_INFORMATION_FORMAT = dwarf;
				ENABLE_STRICT_OBJC_MSGSEND = YES;
				ENABLE_TESTABILITY = YES;
				GCC_C_LANGUAGE_STANDARD = gnu99;
				GCC_DYNAMIC_NO_PIC = NO;
				GCC_NO_COMMON_BLOCKS = YES;
				GCC_OPTIMIZATION_LEVEL = 0;
				GCC_PREPROCESSOR_DEFINITIONS = (
					"DEBUG=1",
					"$(inherited)",
				);
				GCC_WARN_64_TO_32_BIT_CONVERSION = YES;
				GCC_WARN_ABOUT_RETURN_TYPE = YES_ERROR;
				GCC_WARN_UNDECLARED_SELECTOR = YES;
				GCC_WARN_UNINITIALIZED_AUTOS = YES_AGGRESSIVE;
				GCC_WARN_UNUSED_FUNCTION = YES;
				GCC_WARN_UNUSED_VARIABLE = YES;
				IPHONEOS_DEPLOYMENT_TARGET = 9.0;
				MTL_ENABLE_DEBUG_INFO = YES;
				ONLY_ACTIVE_ARCH = YES;
				SDKROOT = iphoneos;
				SWIFT_ACTIVE_COMPILATION_CONDITIONS = DEBUG;
				SWIFT_OPTIMIZATION_LEVEL = "-Onone";
			};
			name = Debug;
		};
		852037461F1C884F000D2B7F /* Release */ = {
			isa = XCBuildConfiguration;
			buildSettings = {
				ALWAYS_SEARCH_USER_PATHS = NO;
				CLANG_ANALYZER_NONNULL = YES;
				CLANG_ANALYZER_NUMBER_OBJECT_CONVERSION = YES_AGGRESSIVE;
				CLANG_CXX_LANGUAGE_STANDARD = "gnu++0x";
				CLANG_CXX_LIBRARY = "libc++";
				CLANG_ENABLE_MODULES = YES;
				CLANG_ENABLE_OBJC_ARC = YES;
				CLANG_WARN_BOOL_CONVERSION = YES;
				CLANG_WARN_CONSTANT_CONVERSION = YES;
				CLANG_WARN_DIRECT_OBJC_ISA_USAGE = YES_ERROR;
				CLANG_WARN_DOCUMENTATION_COMMENTS = YES;
				CLANG_WARN_EMPTY_BODY = YES;
				CLANG_WARN_ENUM_CONVERSION = YES;
				CLANG_WARN_INFINITE_RECURSION = YES;
				CLANG_WARN_INT_CONVERSION = YES;
				CLANG_WARN_OBJC_ROOT_CLASS = YES_ERROR;
				CLANG_WARN_SUSPICIOUS_MOVE = YES;
				CLANG_WARN_UNREACHABLE_CODE = YES;
				CLANG_WARN__DUPLICATE_METHOD_MATCH = YES;
				"CODE_SIGN_IDENTITY[sdk=iphoneos*]" = "iPhone Developer";
				COPY_PHASE_STRIP = NO;
				DEBUG_INFORMATION_FORMAT = "dwarf-with-dsym";
				ENABLE_NS_ASSERTIONS = NO;
				ENABLE_STRICT_OBJC_MSGSEND = YES;
				GCC_C_LANGUAGE_STANDARD = gnu99;
				GCC_NO_COMMON_BLOCKS = YES;
				GCC_WARN_64_TO_32_BIT_CONVERSION = YES;
				GCC_WARN_ABOUT_RETURN_TYPE = YES_ERROR;
				GCC_WARN_UNDECLARED_SELECTOR = YES;
				GCC_WARN_UNINITIALIZED_AUTOS = YES_AGGRESSIVE;
				GCC_WARN_UNUSED_FUNCTION = YES;
				GCC_WARN_UNUSED_VARIABLE = YES;
				IPHONEOS_DEPLOYMENT_TARGET = 9.0;
				MTL_ENABLE_DEBUG_INFO = NO;
				SDKROOT = iphoneos;
				SWIFT_OPTIMIZATION_LEVEL = "-Owholemodule";
				VALIDATE_PRODUCT = YES;
			};
			name = Release;
		};
		852037481F1C884F000D2B7F /* Debug */ = {
			isa = XCBuildConfiguration;
			buildSettings = {
				ALWAYS_EMBED_SWIFT_STANDARD_LIBRARIES = YES;
				ASSETCATALOG_COMPILER_APPICON_NAME = AppIcon;
				DEVELOPMENT_TEAM = K2ERF9J63R;
				FRAMEWORK_SEARCH_PATHS = (
					"$(inherited)",
					"$(PROJECT_DIR)/Carthage/Build/iOS",
				);
				INFOPLIST_FILE = CarthageTest/Info.plist;
				IPHONEOS_DEPLOYMENT_TARGET = 9.0;
				LD_RUNPATH_SEARCH_PATHS = "$(inherited) @executable_path/Frameworks";
				PRODUCT_BUNDLE_IDENTIFIER = sg.fooyo.CarthageTest;
				PRODUCT_NAME = "$(TARGET_NAME)";
				SWIFT_OBJC_BRIDGING_HEADER = "$(PROJECT_DIR)/CarthageTest/FooyoSDK-Bridging-Header.h";
				SWIFT_VERSION = 3.0;
				TARGETED_DEVICE_FAMILY = 1;
			};
			name = Debug;
		};
		852037491F1C884F000D2B7F /* Release */ = {
			isa = XCBuildConfiguration;
			buildSettings = {
				ALWAYS_EMBED_SWIFT_STANDARD_LIBRARIES = YES;
				ASSETCATALOG_COMPILER_APPICON_NAME = AppIcon;
				DEVELOPMENT_TEAM = K2ERF9J63R;
				FRAMEWORK_SEARCH_PATHS = (
					"$(inherited)",
					"$(PROJECT_DIR)/Carthage/Build/iOS",
				);
				INFOPLIST_FILE = CarthageTest/Info.plist;
				IPHONEOS_DEPLOYMENT_TARGET = 9.0;
				LD_RUNPATH_SEARCH_PATHS = "$(inherited) @executable_path/Frameworks";
				PRODUCT_BUNDLE_IDENTIFIER = sg.fooyo.CarthageTest;
				PRODUCT_NAME = "$(TARGET_NAME)";
				SWIFT_OBJC_BRIDGING_HEADER = "$(PROJECT_DIR)/CarthageTest/FooyoSDK-Bridging-Header.h";
				SWIFT_VERSION = 3.0;
				TARGETED_DEVICE_FAMILY = 1;
			};
			name = Release;
		};
		852037921F1D0E09000D2B7F /* Debug */ = {
			isa = XCBuildConfiguration;
			buildSettings = {
				CODE_SIGN_IDENTITY = "";
				CURRENT_PROJECT_VERSION = 1;
				DEFINES_MODULE = YES;
				DEVELOPMENT_TEAM = K2ERF9J63R;
				DYLIB_COMPATIBILITY_VERSION = 1;
				DYLIB_CURRENT_VERSION = 1;
				DYLIB_INSTALL_NAME_BASE = "@rpath";
				FRAMEWORK_SEARCH_PATHS = (
					"$(inherited)",
					"$(PROJECT_DIR)/Carthage/Build/iOS",
				);
				INFOPLIST_FILE = FooyoTestSDK/Info.plist;
				INSTALL_PATH = "$(LOCAL_LIBRARY_DIR)/Frameworks";
				IPHONEOS_DEPLOYMENT_TARGET = 9.0;
				LD_RUNPATH_SEARCH_PATHS = "$(inherited) @executable_path/Frameworks @loader_path/Frameworks";
				PRODUCT_BUNDLE_IDENTIFIER = sg.fooyo.FooyoTestSDK;
				PRODUCT_NAME = "$(TARGET_NAME)";
				SKIP_INSTALL = YES;
				SWIFT_VERSION = 3.0;
				TARGETED_DEVICE_FAMILY = 1;
				VERSIONING_SYSTEM = "apple-generic";
				VERSION_INFO_PREFIX = "";
			};
			name = Debug;
		};
		852037931F1D0E09000D2B7F /* Release */ = {
			isa = XCBuildConfiguration;
			buildSettings = {
				CODE_SIGN_IDENTITY = "";
				CURRENT_PROJECT_VERSION = 1;
				DEFINES_MODULE = YES;
				DEVELOPMENT_TEAM = K2ERF9J63R;
				DYLIB_COMPATIBILITY_VERSION = 1;
				DYLIB_CURRENT_VERSION = 1;
				DYLIB_INSTALL_NAME_BASE = "@rpath";
				FRAMEWORK_SEARCH_PATHS = (
					"$(inherited)",
					"$(PROJECT_DIR)/Carthage/Build/iOS",
				);
				INFOPLIST_FILE = FooyoTestSDK/Info.plist;
				INSTALL_PATH = "$(LOCAL_LIBRARY_DIR)/Frameworks";
				IPHONEOS_DEPLOYMENT_TARGET = 9.0;
				LD_RUNPATH_SEARCH_PATHS = "$(inherited) @executable_path/Frameworks @loader_path/Frameworks";
				PRODUCT_BUNDLE_IDENTIFIER = sg.fooyo.FooyoTestSDK;
				PRODUCT_NAME = "$(TARGET_NAME)";
				SKIP_INSTALL = YES;
				SWIFT_VERSION = 3.0;
				TARGETED_DEVICE_FAMILY = 1;
				VERSIONING_SYSTEM = "apple-generic";
				VERSION_INFO_PREFIX = "";
			};
			name = Release;
		};
/* End XCBuildConfiguration section */

/* Begin XCConfigurationList section */
		852037301F1C884F000D2B7F /* Build configuration list for PBXProject "FooyoSDKExample" */ = {
			isa = XCConfigurationList;
			buildConfigurations = (
				852037451F1C884F000D2B7F /* Debug */,
				852037461F1C884F000D2B7F /* Release */,
			);
			defaultConfigurationIsVisible = 0;
			defaultConfigurationName = Release;
		};
		852037471F1C884F000D2B7F /* Build configuration list for PBXNativeTarget "FooyoSDKExample" */ = {
			isa = XCConfigurationList;
			buildConfigurations = (
				852037481F1C884F000D2B7F /* Debug */,
				852037491F1C884F000D2B7F /* Release */,
			);
			defaultConfigurationIsVisible = 0;
			defaultConfigurationName = Release;
		};
		852037911F1D0E09000D2B7F /* Build configuration list for PBXNativeTarget "FooyoTestSDK" */ = {
			isa = XCConfigurationList;
			buildConfigurations = (
				852037921F1D0E09000D2B7F /* Debug */,
				852037931F1D0E09000D2B7F /* Release */,
			);
			defaultConfigurationIsVisible = 0;
			defaultConfigurationName = Release;
		};
/* End XCConfigurationList section */
	};
	rootObject = 8520372D1F1C884F000D2B7F /* Project object */;
}
